// !$*UTF8*$!
{
	archiveVersion = 1;
	classes = {
	};
	objectVersion = 46;
	objects = {

/* Begin PBXBuildFile section */
		60E3E4BC1AA531A100B21B5D /* fastdfa.m in Sources */ = {isa = PBXBuildFile; fileRef = 60E3E4B11AA531A100B21B5D /* fastdfa.m */; };
		60E3E4BE1AA531A100B21B5D /* features_bpa.m in Sources */ = {isa = PBXBuildFile; fileRef = 60E3E4B31AA531A100B21B5D /* features_bpa.m */; };
		60E3E4C81AA53B1200B21B5D /* PDArray.m in Sources */ = {isa = PBXBuildFile; fileRef = 60E3E4C71AA53B1200B21B5D /* PDArray.m */; };
		800F96561AA7DBAB0015FE61 /* lomb.m in Sources */ = {isa = PBXBuildFile; fileRef = 60E3E4B71AA531A100B21B5D /* lomb.m */; };
		800F96571AA811660015FE61 /* features_bta.m in Sources */ = {isa = PBXBuildFile; fileRef = 60E3E4B41AA531A100B21B5D /* features_bta.m */; };
		800F96581AA81DE50015FE61 /* features_ufb.m in Sources */ = {isa = PBXBuildFile; fileRef = 60E3E4B61AA531A100B21B5D /* features_ufb.m */; };
		800F965B1AA8D5750015FE61 /* features_bvav2.m in Sources */ = {isa = PBXBuildFile; fileRef = 60E3E4B51AA531A100B21B5D /* features_bvav2.m */; };
		801712D81A897DC200CB13EB /* PDScores.h in CopyFiles */ = {isa = PBXBuildFile; fileRef = 801712D71A897DC200CB13EB /* PDScores.h */; };
		801712DA1A897DC200CB13EB /* PDScores.m in Sources */ = {isa = PBXBuildFile; fileRef = 801712D91A897DC200CB13EB /* PDScores.m */; };
		801712E01A897DC200CB13EB /* libPDScores.a in Frameworks */ = {isa = PBXBuildFile; fileRef = 801712D41A897DC200CB13EB /* libPDScores.a */; };
		801713FA1A89A58400CB13EB /* buffer.c in Sources */ = {isa = PBXBuildFile; fileRef = 801713F81A89A58400CB13EB /* buffer.c */; };
		8017151A1A89B35700CB13EB /* signalprocessing.m in Sources */ = {isa = PBXBuildFile; fileRef = 801715181A89B35700CB13EB /* signalprocessing.m */; };
		8017152C1A8B17CB00CB13EB /* fastdfa_core_nomex.c in Sources */ = {isa = PBXBuildFile; fileRef = 8017152A1A8B17CB00CB13EB /* fastdfa_core_nomex.c */; };
		808F08CF1AA7A95700875A74 /* features_bga.m in Sources */ = {isa = PBXBuildFile; fileRef = 60E3E4B21AA531A100B21B5D /* features_bga.m */; };
		80918BA71AA6128E00985A70 /* PDMatlab.m in Sources */ = {isa = PBXBuildFile; fileRef = 80918BA61AA6128E00985A70 /* PDMatlab.m */; };
		80F7E7191AA8D8D000158052 /* swipep.m in Sources */ = {isa = PBXBuildFile; fileRef = 60E3E4B91AA531A100B21B5D /* swipep.m */; };
		80F7E71A1AA8D9BC00158052 /* mfcc.m in Sources */ = {isa = PBXBuildFile; fileRef = 60E3E4B81AA531A100B21B5D /* mfcc.m */; };
/* End PBXBuildFile section */

/* Begin PBXContainerItemProxy section */
		801712E11A897DC200CB13EB /* PBXContainerItemProxy */ = {
			isa = PBXContainerItemProxy;
			containerPortal = 801712CC1A897DC200CB13EB /* Project object */;
			proxyType = 1;
			remoteGlobalIDString = 801712D31A897DC200CB13EB;
			remoteInfo = PDScores;
		};
/* End PBXContainerItemProxy section */

/* Begin PBXCopyFilesBuildPhase section */
		801712D21A897DC200CB13EB /* CopyFiles */ = {
			isa = PBXCopyFilesBuildPhase;
			buildActionMask = 2147483647;
			dstPath = "include/$(PRODUCT_NAME)";
			dstSubfolderSpec = 16;
			files = (
				801712D81A897DC200CB13EB /* PDScores.h in CopyFiles */,
			);
			runOnlyForDeploymentPostprocessing = 0;
		};
/* End PBXCopyFilesBuildPhase section */

/* Begin PBXFileReference section */
		60E3E4B11AA531A100B21B5D /* fastdfa.m */ = {isa = PBXFileReference; fileEncoding = 4; lastKnownFileType = sourcecode.c.objc; path = fastdfa.m; sourceTree = "<group>"; };
		60E3E4B21AA531A100B21B5D /* features_bga.m */ = {isa = PBXFileReference; fileEncoding = 4; lastKnownFileType = sourcecode.c.objc; path = features_bga.m; sourceTree = "<group>"; };
		60E3E4B31AA531A100B21B5D /* features_bpa.m */ = {isa = PBXFileReference; fileEncoding = 4; lastKnownFileType = sourcecode.c.objc; path = features_bpa.m; sourceTree = "<group>"; };
		60E3E4B41AA531A100B21B5D /* features_bta.m */ = {isa = PBXFileReference; fileEncoding = 4; lastKnownFileType = sourcecode.c.objc; path = features_bta.m; sourceTree = "<group>"; };
		60E3E4B51AA531A100B21B5D /* features_bvav2.m */ = {isa = PBXFileReference; fileEncoding = 4; lastKnownFileType = sourcecode.c.objc; path = features_bvav2.m; sourceTree = "<group>"; };
		60E3E4B61AA531A100B21B5D /* features_ufb.m */ = {isa = PBXFileReference; fileEncoding = 4; lastKnownFileType = sourcecode.c.objc; path = features_ufb.m; sourceTree = "<group>"; };
		60E3E4B71AA531A100B21B5D /* lomb.m */ = {isa = PBXFileReference; fileEncoding = 4; lastKnownFileType = sourcecode.c.objc; path = lomb.m; sourceTree = "<group>"; };
		60E3E4B81AA531A100B21B5D /* mfcc.m */ = {isa = PBXFileReference; fileEncoding = 4; lastKnownFileType = sourcecode.c.objc; path = mfcc.m; sourceTree = "<group>"; };
		60E3E4B91AA531A100B21B5D /* swipep.m */ = {isa = PBXFileReference; fileEncoding = 4; lastKnownFileType = sourcecode.c.objc; path = swipep.m; sourceTree = "<group>"; };
		60E3E4C61AA53B1200B21B5D /* PDArray.h */ = {isa = PBXFileReference; fileEncoding = 4; lastKnownFileType = sourcecode.c.h; path = PDArray.h; sourceTree = "<group>"; };
		60E3E4C71AA53B1200B21B5D /* PDArray.m */ = {isa = PBXFileReference; fileEncoding = 4; lastKnownFileType = sourcecode.c.objc; path = PDArray.m; sourceTree = "<group>"; };
		801712D41A897DC200CB13EB /* libPDScores.a */ = {isa = PBXFileReference; explicitFileType = archive.ar; includeInIndex = 0; path = libPDScores.a; sourceTree = BUILT_PRODUCTS_DIR; };
		801712D71A897DC200CB13EB /* PDScores.h */ = {isa = PBXFileReference; lastKnownFileType = sourcecode.c.h; path = PDScores.h; sourceTree = "<group>"; };
		801712D91A897DC200CB13EB /* PDScores.m */ = {isa = PBXFileReference; lastKnownFileType = sourcecode.c.objc; path = PDScores.m; sourceTree = "<group>"; };
		801712DF1A897DC200CB13EB /* PDScoresTests.xctest */ = {isa = PBXFileReference; explicitFileType = wrapper.cfbundle; includeInIndex = 0; path = PDScoresTests.xctest; sourceTree = BUILT_PRODUCTS_DIR; };
		801712E51A897DC200CB13EB /* Info.plist */ = {isa = PBXFileReference; lastKnownFileType = text.plist.xml; path = Info.plist; sourceTree = "<group>"; };
		801713F81A89A58400CB13EB /* buffer.c */ = {isa = PBXFileReference; fileEncoding = 4; lastKnownFileType = sourcecode.c.c; path = buffer.c; sourceTree = "<group>"; };
		801713F91A89A58400CB13EB /* buffer.h */ = {isa = PBXFileReference; fileEncoding = 4; lastKnownFileType = sourcecode.c.h; path = buffer.h; sourceTree = "<group>"; };
		801715181A89B35700CB13EB /* signalprocessing.m */ = {isa = PBXFileReference; fileEncoding = 4; lastKnownFileType = sourcecode.c.objc; path = signalprocessing.m; sourceTree = "<group>"; };
		801715191A89B35700CB13EB /* signalprocessing.h */ = {isa = PBXFileReference; fileEncoding = 4; lastKnownFileType = sourcecode.c.h; path = signalprocessing.h; sourceTree = "<group>"; };
		8017152A1A8B17CB00CB13EB /* fastdfa_core_nomex.c */ = {isa = PBXFileReference; fileEncoding = 4; lastKnownFileType = sourcecode.c.c; path = fastdfa_core_nomex.c; sourceTree = "<group>"; };
		8017152B1A8B17CB00CB13EB /* fastdfa_core_nomex.h */ = {isa = PBXFileReference; fileEncoding = 4; lastKnownFileType = sourcecode.c.h; path = fastdfa_core_nomex.h; sourceTree = "<group>"; };
		8055C7A91AA6B19F00885F4F /* bridge_ufb_hand_tooled.h */ = {isa = PBXFileReference; lastKnownFileType = sourcecode.c.h; path = bridge_ufb_hand_tooled.h; sourceTree = "<group>"; };
		80918BA61AA6128E00985A70 /* PDMatlab.m */ = {isa = PBXFileReference; fileEncoding = 4; lastKnownFileType = sourcecode.c.objc; path = PDMatlab.m; sourceTree = "<group>"; };
		80918BA81AA612AA00985A70 /* PDMatlab.h */ = {isa = PBXFileReference; lastKnownFileType = sourcecode.c.h; path = PDMatlab.h; sourceTree = "<group>"; };
/* End PBXFileReference section */

/* Begin PBXFrameworksBuildPhase section */
		801712D11A897DC200CB13EB /* Frameworks */ = {
			isa = PBXFrameworksBuildPhase;
			buildActionMask = 2147483647;
			files = (
			);
			runOnlyForDeploymentPostprocessing = 0;
		};
		801712DC1A897DC200CB13EB /* Frameworks */ = {
			isa = PBXFrameworksBuildPhase;
			buildActionMask = 2147483647;
			files = (
				801712E01A897DC200CB13EB /* libPDScores.a in Frameworks */,
			);
			runOnlyForDeploymentPostprocessing = 0;
		};
/* End PBXFrameworksBuildPhase section */

/* Begin PBXGroup section */
		60E3E4981AA5309F00B21B5D /* bridge_ufb_hand_tooled */ = {
			isa = PBXGroup;
			children = (
				60E3E4B11AA531A100B21B5D /* fastdfa.m */,
				60E3E4B21AA531A100B21B5D /* features_bga.m */,
				60E3E4B31AA531A100B21B5D /* features_bpa.m */,
				60E3E4B41AA531A100B21B5D /* features_bta.m */,
				60E3E4B51AA531A100B21B5D /* features_bvav2.m */,
				60E3E4B61AA531A100B21B5D /* features_ufb.m */,
				60E3E4B71AA531A100B21B5D /* lomb.m */,
				60E3E4B81AA531A100B21B5D /* mfcc.m */,
				60E3E4B91AA531A100B21B5D /* swipep.m */,
				60E3E4C61AA53B1200B21B5D /* PDArray.h */,
				60E3E4C71AA53B1200B21B5D /* PDArray.m */,
				80918BA81AA612AA00985A70 /* PDMatlab.h */,
				80918BA61AA6128E00985A70 /* PDMatlab.m */,
				8055C7A91AA6B19F00885F4F /* bridge_ufb_hand_tooled.h */,
			);
			path = bridge_ufb_hand_tooled;
			sourceTree = "<group>";
		};
		801712CB1A897DC200CB13EB = {
			isa = PBXGroup;
			children = (
				801712D61A897DC200CB13EB /* PDScores */,
				801712E31A897DC200CB13EB /* PDScoresTests */,
				801712D51A897DC200CB13EB /* Products */,
			);
			sourceTree = "<group>";
		};
		801712D51A897DC200CB13EB /* Products */ = {
			isa = PBXGroup;
			children = (
				801712D41A897DC200CB13EB /* libPDScores.a */,
				801712DF1A897DC200CB13EB /* PDScoresTests.xctest */,
			);
			name = Products;
			sourceTree = "<group>";
		};
		801712D61A897DC200CB13EB /* PDScores */ = {
			isa = PBXGroup;
			children = (
				60E3E4981AA5309F00B21B5D /* bridge_ufb_hand_tooled */,
				801713F71A89A4CA00CB13EB /* unsupportedMatlabFunctions */,
				8017152A1A8B17CB00CB13EB /* fastdfa_core_nomex.c */,
				8017152B1A8B17CB00CB13EB /* fastdfa_core_nomex.h */,
				801712D71A897DC200CB13EB /* PDScores.h */,
				801712D91A897DC200CB13EB /* PDScores.m */,
			);
			path = PDScores;
			sourceTree = "<group>";
		};
		801712E31A897DC200CB13EB /* PDScoresTests */ = {
			isa = PBXGroup;
			children = (
				801712E41A897DC200CB13EB /* Supporting Files */,
			);
			path = PDScoresTests;
			sourceTree = "<group>";
		};
		801712E41A897DC200CB13EB /* Supporting Files */ = {
			isa = PBXGroup;
			children = (
				801712E51A897DC200CB13EB /* Info.plist */,
			);
			name = "Supporting Files";
			sourceTree = "<group>";
		};
		801713F71A89A4CA00CB13EB /* unsupportedMatlabFunctions */ = {
			isa = PBXGroup;
			children = (
				801713F81A89A58400CB13EB /* buffer.c */,
				801713F91A89A58400CB13EB /* buffer.h */,
				801715181A89B35700CB13EB /* signalprocessing.m */,
				801715191A89B35700CB13EB /* signalprocessing.h */,
			);
			path = unsupportedMatlabFunctions;
			sourceTree = "<group>";
		};
/* End PBXGroup section */

/* Begin PBXNativeTarget section */
		801712D31A897DC200CB13EB /* PDScores */ = {
			isa = PBXNativeTarget;
			buildConfigurationList = 801712E81A897DC300CB13EB /* Build configuration list for PBXNativeTarget "PDScores" */;
			buildPhases = (
				801712D01A897DC200CB13EB /* Sources */,
				801712D11A897DC200CB13EB /* Frameworks */,
				801712D21A897DC200CB13EB /* CopyFiles */,
			);
			buildRules = (
			);
			dependencies = (
			);
			name = PDScores;
			productName = PDScores;
			productReference = 801712D41A897DC200CB13EB /* libPDScores.a */;
			productType = "com.apple.product-type.library.static";
		};
		801712DE1A897DC200CB13EB /* PDScoresTests */ = {
			isa = PBXNativeTarget;
			buildConfigurationList = 801712EB1A897DC300CB13EB /* Build configuration list for PBXNativeTarget "PDScoresTests" */;
			buildPhases = (
				801712DB1A897DC200CB13EB /* Sources */,
				801712DC1A897DC200CB13EB /* Frameworks */,
				801712DD1A897DC200CB13EB /* Resources */,
			);
			buildRules = (
			);
			dependencies = (
				801712E21A897DC200CB13EB /* PBXTargetDependency */,
			);
			name = PDScoresTests;
			productName = PDScoresTests;
			productReference = 801712DF1A897DC200CB13EB /* PDScoresTests.xctest */;
			productType = "com.apple.product-type.bundle.unit-test";
		};
/* End PBXNativeTarget section */

/* Begin PBXProject section */
		801712CC1A897DC200CB13EB /* Project object */ = {
			isa = PBXProject;
			attributes = {
				LastUpgradeCheck = 0610;
				ORGANIZATIONNAME = "Sage Bionetworks";
				TargetAttributes = {
					801712D31A897DC200CB13EB = {
						CreatedOnToolsVersion = 6.1.1;
					};
					801712DE1A897DC200CB13EB = {
						CreatedOnToolsVersion = 6.1.1;
					};
				};
			};
			buildConfigurationList = 801712CF1A897DC200CB13EB /* Build configuration list for PBXProject "PDScores" */;
			compatibilityVersion = "Xcode 3.2";
			developmentRegion = English;
			hasScannedForEncodings = 0;
			knownRegions = (
				en,
			);
			mainGroup = 801712CB1A897DC200CB13EB;
			productRefGroup = 801712D51A897DC200CB13EB /* Products */;
			projectDirPath = "";
			projectRoot = "";
			targets = (
				801712D31A897DC200CB13EB /* PDScores */,
				801712DE1A897DC200CB13EB /* PDScoresTests */,
			);
		};
/* End PBXProject section */

/* Begin PBXResourcesBuildPhase section */
		801712DD1A897DC200CB13EB /* Resources */ = {
			isa = PBXResourcesBuildPhase;
			buildActionMask = 2147483647;
			files = (
			);
			runOnlyForDeploymentPostprocessing = 0;
		};
/* End PBXResourcesBuildPhase section */

/* Begin PBXSourcesBuildPhase section */
		801712D01A897DC200CB13EB /* Sources */ = {
			isa = PBXSourcesBuildPhase;
			buildActionMask = 2147483647;
			files = (
				800F96581AA81DE50015FE61 /* features_ufb.m in Sources */,
				60E3E4BC1AA531A100B21B5D /* fastdfa.m in Sources */,
				80F7E71A1AA8D9BC00158052 /* mfcc.m in Sources */,
				8017151A1A89B35700CB13EB /* signalprocessing.m in Sources */,
				800F965B1AA8D5750015FE61 /* features_bvav2.m in Sources */,
				80F7E7191AA8D8D000158052 /* swipep.m in Sources */,
				60E3E4BE1AA531A100B21B5D /* features_bpa.m in Sources */,
				60E3E4C81AA53B1200B21B5D /* PDArray.m in Sources */,
				800F96561AA7DBAB0015FE61 /* lomb.m in Sources */,
				8017152C1A8B17CB00CB13EB /* fastdfa_core_nomex.c in Sources */,
				800F96571AA811660015FE61 /* features_bta.m in Sources */,
				80918BA71AA6128E00985A70 /* PDMatlab.m in Sources */,
				801713FA1A89A58400CB13EB /* buffer.c in Sources */,
				801712DA1A897DC200CB13EB /* PDScores.m in Sources */,
				808F08CF1AA7A95700875A74 /* features_bga.m in Sources */,
			);
			runOnlyForDeploymentPostprocessing = 0;
		};
		801712DB1A897DC200CB13EB /* Sources */ = {
			isa = PBXSourcesBuildPhase;
			buildActionMask = 2147483647;
			files = (
			);
			runOnlyForDeploymentPostprocessing = 0;
		};
/* End PBXSourcesBuildPhase section */

/* Begin PBXTargetDependency section */
		801712E21A897DC200CB13EB /* PBXTargetDependency */ = {
			isa = PBXTargetDependency;
			target = 801712D31A897DC200CB13EB /* PDScores */;
			targetProxy = 801712E11A897DC200CB13EB /* PBXContainerItemProxy */;
		};
/* End PBXTargetDependency section */

/* Begin XCBuildConfiguration section */
		801712E61A897DC200CB13EB /* Debug */ = {
			isa = XCBuildConfiguration;
			buildSettings = {
				ALWAYS_SEARCH_USER_PATHS = NO;
				CLANG_CXX_LANGUAGE_STANDARD = "gnu++0x";
				CLANG_CXX_LIBRARY = "libc++";
				CLANG_ENABLE_MODULES = YES;
				CLANG_ENABLE_OBJC_ARC = YES;
				CLANG_WARN_BOOL_CONVERSION = YES;
				CLANG_WARN_CONSTANT_CONVERSION = YES;
				CLANG_WARN_DIRECT_OBJC_ISA_USAGE = YES_ERROR;
				CLANG_WARN_EMPTY_BODY = YES;
				CLANG_WARN_ENUM_CONVERSION = YES;
				CLANG_WARN_INT_CONVERSION = YES;
				CLANG_WARN_OBJC_ROOT_CLASS = YES_ERROR;
				CLANG_WARN_UNREACHABLE_CODE = YES;
				CLANG_WARN__DUPLICATE_METHOD_MATCH = YES;
				COPY_PHASE_STRIP = NO;
				ENABLE_STRICT_OBJC_MSGSEND = YES;
				GCC_C_LANGUAGE_STANDARD = gnu99;
				GCC_DYNAMIC_NO_PIC = NO;
				GCC_OPTIMIZATION_LEVEL = 0;
				GCC_PREPROCESSOR_DEFINITIONS = (
					"DEBUG=1",
					"$(inherited)",
				);
				GCC_SYMBOLS_PRIVATE_EXTERN = NO;
				GCC_WARN_64_TO_32_BIT_CONVERSION = YES;
				GCC_WARN_ABOUT_RETURN_TYPE = YES_ERROR;
				GCC_WARN_UNDECLARED_SELECTOR = YES;
				GCC_WARN_UNINITIALIZED_AUTOS = YES_AGGRESSIVE;
				GCC_WARN_UNUSED_FUNCTION = YES;
				GCC_WARN_UNUSED_VARIABLE = YES;
				IPHONEOS_DEPLOYMENT_TARGET = 8.1;
				MTL_ENABLE_DEBUG_INFO = YES;
				ONLY_ACTIVE_ARCH = NO;
				SDKROOT = iphoneos;
				STRIP_INSTALLED_PRODUCT = YES;
			};
			name = Debug;
		};
		801712E71A897DC200CB13EB /* Release */ = {
			isa = XCBuildConfiguration;
			buildSettings = {
				ALWAYS_SEARCH_USER_PATHS = NO;
				CLANG_CXX_LANGUAGE_STANDARD = "gnu++0x";
				CLANG_CXX_LIBRARY = "libc++";
				CLANG_ENABLE_MODULES = YES;
				CLANG_ENABLE_OBJC_ARC = YES;
				CLANG_WARN_BOOL_CONVERSION = YES;
				CLANG_WARN_CONSTANT_CONVERSION = YES;
				CLANG_WARN_DIRECT_OBJC_ISA_USAGE = YES_ERROR;
				CLANG_WARN_EMPTY_BODY = YES;
				CLANG_WARN_ENUM_CONVERSION = YES;
				CLANG_WARN_INT_CONVERSION = YES;
				CLANG_WARN_OBJC_ROOT_CLASS = YES_ERROR;
				CLANG_WARN_UNREACHABLE_CODE = YES;
				CLANG_WARN__DUPLICATE_METHOD_MATCH = YES;
				COPY_PHASE_STRIP = YES;
				ENABLE_NS_ASSERTIONS = NO;
				ENABLE_STRICT_OBJC_MSGSEND = YES;
				GCC_C_LANGUAGE_STANDARD = gnu99;
				GCC_WARN_64_TO_32_BIT_CONVERSION = YES;
				GCC_WARN_ABOUT_RETURN_TYPE = YES_ERROR;
				GCC_WARN_UNDECLARED_SELECTOR = YES;
				GCC_WARN_UNINITIALIZED_AUTOS = YES_AGGRESSIVE;
				GCC_WARN_UNUSED_FUNCTION = YES;
				GCC_WARN_UNUSED_VARIABLE = YES;
				IPHONEOS_DEPLOYMENT_TARGET = 8.1;
				MTL_ENABLE_DEBUG_INFO = NO;
				SDKROOT = iphoneos;
				STRIP_INSTALLED_PRODUCT = YES;
				VALIDATE_PRODUCT = YES;
			};
			name = Release;
		};
		801712E91A897DC300CB13EB /* Debug */ = {
			isa = XCBuildConfiguration;
			buildSettings = {
				OTHER_LDFLAGS = "-ObjC";
				PRODUCT_NAME = "$(TARGET_NAME)";
				SKIP_INSTALL = YES;
				SUPPORTED_PLATFORMS = "iphonesimulator iphoneos";
			};
			name = Debug;
		};
		801712EA1A897DC300CB13EB /* Release */ = {
			isa = XCBuildConfiguration;
			buildSettings = {
				OTHER_LDFLAGS = "-ObjC";
				PRODUCT_NAME = "$(TARGET_NAME)";
				SKIP_INSTALL = YES;
				SUPPORTED_PLATFORMS = "iphonesimulator iphoneos";
			};
			name = Release;
		};
		801712EC1A897DC300CB13EB /* Debug */ = {
			isa = XCBuildConfiguration;
			buildSettings = {
				FRAMEWORK_SEARCH_PATHS = (
					"$(SDKROOT)/Developer/Library/Frameworks",
					"$(inherited)",
				);
				GCC_PREPROCESSOR_DEFINITIONS = (
					"DEBUG=1",
					"$(inherited)",
				);
				INFOPLIST_FILE = PDScoresTests/Info.plist;
				LD_RUNPATH_SEARCH_PATHS = "$(inherited) @executable_path/Frameworks @loader_path/Frameworks";
				PRODUCT_NAME = "$(TARGET_NAME)";
			};
			name = Debug;
		};
		801712ED1A897DC300CB13EB /* Release */ = {
			isa = XCBuildConfiguration;
			buildSettings = {
				FRAMEWORK_SEARCH_PATHS = (
					"$(SDKROOT)/Developer/Library/Frameworks",
					"$(inherited)",
				);
				INFOPLIST_FILE = PDScoresTests/Info.plist;
				LD_RUNPATH_SEARCH_PATHS = "$(inherited) @executable_path/Frameworks @loader_path/Frameworks";
				PRODUCT_NAME = "$(TARGET_NAME)";
			};
			name = Release;
		};
/* End XCBuildConfiguration section */

/* Begin XCConfigurationList section */
		801712CF1A897DC200CB13EB /* Build configuration list for PBXProject "PDScores" */ = {
			isa = XCConfigurationList;
			buildConfigurations = (
				801712E61A897DC200CB13EB /* Debug */,
				801712E71A897DC200CB13EB /* Release */,
			);
			defaultConfigurationIsVisible = 0;
			defaultConfigurationName = Release;
		};
		801712E81A897DC300CB13EB /* Build configuration list for PBXNativeTarget "PDScores" */ = {
			isa = XCConfigurationList;
			buildConfigurations = (
				801712E91A897DC300CB13EB /* Debug */,
				801712EA1A897DC300CB13EB /* Release */,
			);
			defaultConfigurationIsVisible = 0;
			defaultConfigurationName = Release;
		};
		801712EB1A897DC300CB13EB /* Build configuration list for PBXNativeTarget "PDScoresTests" */ = {
			isa = XCConfigurationList;
			buildConfigurations = (
				801712EC1A897DC300CB13EB /* Debug */,
				801712ED1A897DC300CB13EB /* Release */,
			);
			defaultConfigurationIsVisible = 0;
			defaultConfigurationName = Release;
		};
/* End XCConfigurationList section */
	};
	rootObject = 801712CC1A897DC200CB13EB /* Project object */;
}
