// !$*UTF8*$!
{
	archiveVersion = 1;
	classes = {
	};
	objectVersion = 46;
	objects = {

/* Begin PBXBuildFile section */
		800C6D121A901A8700A1D523 /* tForPitchStrength.csv in Resources */ = {isa = PBXBuildFile; fileRef = 800C6D111A901A8700A1D523 /* tForPitchStrength.csv */; };
		8017153F1A8C12EB00CB13EB /* main.m in Sources */ = {isa = PBXBuildFile; fileRef = 8017153E1A8C12EB00CB13EB /* main.m */; };
		801715421A8C12EB00CB13EB /* AppDelegate.m in Sources */ = {isa = PBXBuildFile; fileRef = 801715411A8C12EB00CB13EB /* AppDelegate.m */; };
		801715451A8C12EB00CB13EB /* ViewController.m in Sources */ = {isa = PBXBuildFile; fileRef = 801715441A8C12EB00CB13EB /* ViewController.m */; };
		801715481A8C12EC00CB13EB /* Main.storyboard in Resources */ = {isa = PBXBuildFile; fileRef = 801715461A8C12EC00CB13EB /* Main.storyboard */; };
		8017154A1A8C12EC00CB13EB /* Images.xcassets in Resources */ = {isa = PBXBuildFile; fileRef = 801715491A8C12EC00CB13EB /* Images.xcassets */; };
		8017154D1A8C12EC00CB13EB /* LaunchScreen.xib in Resources */ = {isa = PBXBuildFile; fileRef = 8017154B1A8C12EC00CB13EB /* LaunchScreen.xib */; };
		801715591A8C12ED00CB13EB /* PDScoresTestTests.m in Sources */ = {isa = PBXBuildFile; fileRef = 801715581A8C12ED00CB13EB /* PDScoresTestTests.m */; };
		8017156E1A8C15C000CB13EB /* libPDScores.a in Frameworks */ = {isa = PBXBuildFile; fileRef = 801715681A8C156200CB13EB /* libPDScores.a */; };
		801715731A8C16FC00CB13EB /* gait-posture.json in Resources */ = {isa = PBXBuildFile; fileRef = 801715701A8C16FC00CB13EB /* gait-posture.json */; };
		801715741A8C16FC00CB13EB /* phonation.m4a in Resources */ = {isa = PBXBuildFile; fileRef = 801715711A8C16FC00CB13EB /* phonation.m4a */; };
		801715751A8C16FC00CB13EB /* tapping.json in Resources */ = {isa = PBXBuildFile; fileRef = 801715721A8C16FC00CB13EB /* tapping.json */; };
		801715791A8C196500CB13EB /* AudioToolbox.framework in Frameworks */ = {isa = PBXBuildFile; fileRef = 801715781A8C196500CB13EB /* AudioToolbox.framework */; };
		8017157B1A8C199900CB13EB /* Accelerate.framework in Frameworks */ = {isa = PBXBuildFile; fileRef = 8017157A1A8C199900CB13EB /* Accelerate.framework */; };
		803DCB9D1A8FBA0C003B58A4 /* abs(X).csv in Resources */ = {isa = PBXBuildFile; fileRef = 803DCB981A8FBA0C003B58A4 /* abs(X).csv */; };
		803DCB9E1A8FBA0C003B58A4 /* f.csv in Resources */ = {isa = PBXBuildFile; fileRef = 803DCB991A8FBA0C003B58A4 /* f.csv */; };
		803DCB9F1A8FBA0C003B58A4 /* fERBs.csv in Resources */ = {isa = PBXBuildFile; fileRef = 803DCB9A1A8FBA0C003B58A4 /* fERBs.csv */; };
		803DCBA01A8FBA0C003B58A4 /* interp1Out.csv in Resources */ = {isa = PBXBuildFile; fileRef = 803DCB9B1A8FBA0C003B58A4 /* interp1Out.csv */; };
		8043EEA01A92F6D000AF8669 /* interp1512.csv in Resources */ = {isa = PBXBuildFile; fileRef = 8043EE9B1A92F6D000AF8669 /* interp1512.csv */; };
		8043EEA11A92F6D000AF8669 /* interp11024.csv in Resources */ = {isa = PBXBuildFile; fileRef = 8043EE9C1A92F6D000AF8669 /* interp11024.csv */; };
		8043EEA21A92F6D000AF8669 /* interp12048.csv in Resources */ = {isa = PBXBuildFile; fileRef = 8043EE9D1A92F6D000AF8669 /* interp12048.csv */; };
		8043EEA31A92F6D000AF8669 /* interp14096.csv in Resources */ = {isa = PBXBuildFile; fileRef = 8043EE9E1A92F6D000AF8669 /* interp14096.csv */; };
		8043EEA41A92F6D000AF8669 /* interp18192.csv in Resources */ = {isa = PBXBuildFile; fileRef = 8043EE9F1A92F6D000AF8669 /* interp18192.csv */; };
		8043EEAB1A94477400AF8669 /* specgramX(512)im.csv in Resources */ = {isa = PBXBuildFile; fileRef = 8043EEA61A94477400AF8669 /* specgramX(512)im.csv */; };
		8043EEAC1A94477400AF8669 /* specgramX(1024)im.csv in Resources */ = {isa = PBXBuildFile; fileRef = 8043EEA71A94477400AF8669 /* specgramX(1024)im.csv */; };
		8043EEAD1A94477400AF8669 /* specgramX(2048)im.csv in Resources */ = {isa = PBXBuildFile; fileRef = 8043EEA81A94477400AF8669 /* specgramX(2048)im.csv */; };
		8043EEAE1A94477400AF8669 /* specgramX(4096)im.csv in Resources */ = {isa = PBXBuildFile; fileRef = 8043EEA91A94477400AF8669 /* specgramX(4096)im.csv */; };
		8043EEAF1A94477400AF8669 /* specgramX(8192)im.csv in Resources */ = {isa = PBXBuildFile; fileRef = 8043EEAA1A94477400AF8669 /* specgramX(8192)im.csv */; };
		8081F7191A8FD3170026511A /* audiotrim.csv in Resources */ = {isa = PBXBuildFile; fileRef = 8081F7151A8FD3160026511A /* audiotrim.csv */; };
		8081F71A1A8FD3170026511A /* swipepOutF0.csv in Resources */ = {isa = PBXBuildFile; fileRef = 8081F7161A8FD3170026511A /* swipepOutF0.csv */; };
		8081F71B1A8FD3170026511A /* swipepOutF0p.csv in Resources */ = {isa = PBXBuildFile; fileRef = 8081F7171A8FD3170026511A /* swipepOutF0p.csv */; };
		8081F71C1A8FD3170026511A /* swipepOutF0t.csv in Resources */ = {isa = PBXBuildFile; fileRef = 8081F7181A8FD3170026511A /* swipepOutF0t.csv */; };
		8081F7231A8FDEA80026511A /* hanning(512).csv in Resources */ = {isa = PBXBuildFile; fileRef = 8081F71E1A8FDEA80026511A /* hanning(512).csv */; };
		8081F7241A8FDEA80026511A /* hanning(1024).csv in Resources */ = {isa = PBXBuildFile; fileRef = 8081F71F1A8FDEA80026511A /* hanning(1024).csv */; };
		8081F7251A8FDEA80026511A /* hanning(2048).csv in Resources */ = {isa = PBXBuildFile; fileRef = 8081F7201A8FDEA80026511A /* hanning(2048).csv */; };
		8081F7261A8FDEA80026511A /* hanning(4096).csv in Resources */ = {isa = PBXBuildFile; fileRef = 8081F7211A8FDEA80026511A /* hanning(4096).csv */; };
		8081F7271A8FDEA80026511A /* hanning(8192).csv in Resources */ = {isa = PBXBuildFile; fileRef = 8081F7221A8FDEA80026511A /* hanning(8192).csv */; };
		80B5A1EA1A980C940082D99E /* PDScoresTestPerformanceTests.m in Sources */ = {isa = PBXBuildFile; fileRef = 80B5A1E91A980C940082D99E /* PDScoresTestPerformanceTests.m */; };
		80B6F5401A9000D70068AC01 /* specgramf(512).csv in Resources */ = {isa = PBXBuildFile; fileRef = 80B6F5311A9000D70068AC01 /* specgramf(512).csv */; };
		80B6F5411A9000D70068AC01 /* specgramf(1024).csv in Resources */ = {isa = PBXBuildFile; fileRef = 80B6F5321A9000D70068AC01 /* specgramf(1024).csv */; };
		80B6F5421A9000D70068AC01 /* specgramf(2048).csv in Resources */ = {isa = PBXBuildFile; fileRef = 80B6F5331A9000D70068AC01 /* specgramf(2048).csv */; };
		80B6F5431A9000D70068AC01 /* specgramf(4096).csv in Resources */ = {isa = PBXBuildFile; fileRef = 80B6F5341A9000D70068AC01 /* specgramf(4096).csv */; };
		80B6F5441A9000D70068AC01 /* specgramf(8192).csv in Resources */ = {isa = PBXBuildFile; fileRef = 80B6F5351A9000D70068AC01 /* specgramf(8192).csv */; };
		80B6F5451A9000D70068AC01 /* specgramti(512).csv in Resources */ = {isa = PBXBuildFile; fileRef = 80B6F5361A9000D70068AC01 /* specgramti(512).csv */; };
		80B6F5461A9000D70068AC01 /* specgramti(1024).csv in Resources */ = {isa = PBXBuildFile; fileRef = 80B6F5371A9000D70068AC01 /* specgramti(1024).csv */; };
		80B6F5471A9000D70068AC01 /* specgramti(2048).csv in Resources */ = {isa = PBXBuildFile; fileRef = 80B6F5381A9000D70068AC01 /* specgramti(2048).csv */; };
		80B6F5481A9000D70068AC01 /* specgramti(4096).csv in Resources */ = {isa = PBXBuildFile; fileRef = 80B6F5391A9000D70068AC01 /* specgramti(4096).csv */; };
		80B6F5491A9000D70068AC01 /* specgramti(8192).csv in Resources */ = {isa = PBXBuildFile; fileRef = 80B6F53A1A9000D70068AC01 /* specgramti(8192).csv */; };
		80B6F54A1A9000D70068AC01 /* specgramX(512).csv in Resources */ = {isa = PBXBuildFile; fileRef = 80B6F53B1A9000D70068AC01 /* specgramX(512).csv */; };
		80B6F54B1A9000D70068AC01 /* specgramX(1024).csv in Resources */ = {isa = PBXBuildFile; fileRef = 80B6F53C1A9000D70068AC01 /* specgramX(1024).csv */; };
		80B6F54C1A9000D70068AC01 /* specgramX(2048).csv in Resources */ = {isa = PBXBuildFile; fileRef = 80B6F53D1A9000D70068AC01 /* specgramX(2048).csv */; };
		80B6F54D1A9000D70068AC01 /* specgramX(4096).csv in Resources */ = {isa = PBXBuildFile; fileRef = 80B6F53E1A9000D70068AC01 /* specgramX(4096).csv */; };
		80B6F54E1A9000D70068AC01 /* specgramX(8192).csv in Resources */ = {isa = PBXBuildFile; fileRef = 80B6F53F1A9000D70068AC01 /* specgramX(8192).csv */; };
		80B6F5691A900A460068AC01 /* abs(X)512.csv in Resources */ = {isa = PBXBuildFile; fileRef = 80B6F5501A900A450068AC01 /* abs(X)512.csv */; };
		80B6F56A1A900A460068AC01 /* abs(X)1024.csv in Resources */ = {isa = PBXBuildFile; fileRef = 80B6F5511A900A450068AC01 /* abs(X)1024.csv */; };
		80B6F56B1A900A460068AC01 /* abs(X)2048.csv in Resources */ = {isa = PBXBuildFile; fileRef = 80B6F5521A900A450068AC01 /* abs(X)2048.csv */; };
		80B6F56C1A900A460068AC01 /* abs(X)4096.csv in Resources */ = {isa = PBXBuildFile; fileRef = 80B6F5531A900A450068AC01 /* abs(X)4096.csv */; };
		80B6F56D1A900A460068AC01 /* abs(X)8192.csv in Resources */ = {isa = PBXBuildFile; fileRef = 80B6F5541A900A450068AC01 /* abs(X)8192.csv */; };
		80B6F56E1A900A460068AC01 /* f512.csv in Resources */ = {isa = PBXBuildFile; fileRef = 80B6F5551A900A450068AC01 /* f512.csv */; };
		80B6F56F1A900A460068AC01 /* f1024.csv in Resources */ = {isa = PBXBuildFile; fileRef = 80B6F5561A900A450068AC01 /* f1024.csv */; };
		80B6F5701A900A460068AC01 /* f2048.csv in Resources */ = {isa = PBXBuildFile; fileRef = 80B6F5571A900A450068AC01 /* f2048.csv */; };
		80B6F5711A900A460068AC01 /* f4096.csv in Resources */ = {isa = PBXBuildFile; fileRef = 80B6F5581A900A450068AC01 /* f4096.csv */; };
		80B6F5721A900A460068AC01 /* f8192.csv in Resources */ = {isa = PBXBuildFile; fileRef = 80B6F5591A900A450068AC01 /* f8192.csv */; };
		80B6F5731A900A460068AC01 /* fERBs512.csv in Resources */ = {isa = PBXBuildFile; fileRef = 80B6F55A1A900A450068AC01 /* fERBs512.csv */; };
		80B6F5741A900A460068AC01 /* fERBs1024.csv in Resources */ = {isa = PBXBuildFile; fileRef = 80B6F55B1A900A450068AC01 /* fERBs1024.csv */; };
		80B6F5751A900A460068AC01 /* fERBs2048.csv in Resources */ = {isa = PBXBuildFile; fileRef = 80B6F55C1A900A450068AC01 /* fERBs2048.csv */; };
		80B6F5761A900A460068AC01 /* fERBs4096.csv in Resources */ = {isa = PBXBuildFile; fileRef = 80B6F55D1A900A450068AC01 /* fERBs4096.csv */; };
		80B6F5771A900A460068AC01 /* fERBs8192.csv in Resources */ = {isa = PBXBuildFile; fileRef = 80B6F55E1A900A450068AC01 /* fERBs8192.csv */; };
		80B6F5781A900A460068AC01 /* L512.csv in Resources */ = {isa = PBXBuildFile; fileRef = 80B6F55F1A900A460068AC01 /* L512.csv */; };
		80B6F5791A900A460068AC01 /* L1024.csv in Resources */ = {isa = PBXBuildFile; fileRef = 80B6F5601A900A460068AC01 /* L1024.csv */; };
		80B6F57A1A900A460068AC01 /* L2048.csv in Resources */ = {isa = PBXBuildFile; fileRef = 80B6F5611A900A460068AC01 /* L2048.csv */; };
		80B6F57B1A900A460068AC01 /* L4096.csv in Resources */ = {isa = PBXBuildFile; fileRef = 80B6F5621A900A460068AC01 /* L4096.csv */; };
		80B6F57C1A900A460068AC01 /* L8192.csv in Resources */ = {isa = PBXBuildFile; fileRef = 80B6F5631A900A460068AC01 /* L8192.csv */; };
		80B6F57D1A900A460068AC01 /* pc(j)512.csv in Resources */ = {isa = PBXBuildFile; fileRef = 80B6F5641A900A460068AC01 /* pc(j)512.csv */; };
		80B6F57E1A900A460068AC01 /* pc(j)1024.csv in Resources */ = {isa = PBXBuildFile; fileRef = 80B6F5651A900A460068AC01 /* pc(j)1024.csv */; };
		80B6F57F1A900A460068AC01 /* pc(j)2048.csv in Resources */ = {isa = PBXBuildFile; fileRef = 80B6F5661A900A460068AC01 /* pc(j)2048.csv */; };
		80B6F5801A900A460068AC01 /* pc(j)4096.csv in Resources */ = {isa = PBXBuildFile; fileRef = 80B6F5671A900A460068AC01 /* pc(j)4096.csv */; };
		80B6F5811A900A460068AC01 /* pc(j)8192.csv in Resources */ = {isa = PBXBuildFile; fileRef = 80B6F5681A900A460068AC01 /* pc(j)8192.csv */; };
		80B6F58C1A9012850068AC01 /* interp1linear512.csv in Resources */ = {isa = PBXBuildFile; fileRef = 80B6F5821A9012850068AC01 /* interp1linear512.csv */; };
		80B6F58D1A9012850068AC01 /* interp1linear1024.csv in Resources */ = {isa = PBXBuildFile; fileRef = 80B6F5831A9012850068AC01 /* interp1linear1024.csv */; };
		80B6F58E1A9012850068AC01 /* interp1linear2048.csv in Resources */ = {isa = PBXBuildFile; fileRef = 80B6F5841A9012850068AC01 /* interp1linear2048.csv */; };
		80B6F58F1A9012850068AC01 /* interp1linear4096.csv in Resources */ = {isa = PBXBuildFile; fileRef = 80B6F5851A9012850068AC01 /* interp1linear4096.csv */; };
		80B6F5901A9012850068AC01 /* interp1linear8192.csv in Resources */ = {isa = PBXBuildFile; fileRef = 80B6F5861A9012850068AC01 /* interp1linear8192.csv */; };
		80B6F5911A9012850068AC01 /* Si512.csv in Resources */ = {isa = PBXBuildFile; fileRef = 80B6F5871A9012850068AC01 /* Si512.csv */; };
		80B6F5921A9012850068AC01 /* Si1024.csv in Resources */ = {isa = PBXBuildFile; fileRef = 80B6F5881A9012850068AC01 /* Si1024.csv */; };
		80B6F5931A9012850068AC01 /* Si2048.csv in Resources */ = {isa = PBXBuildFile; fileRef = 80B6F5891A9012850068AC01 /* Si2048.csv */; };
		80B6F5941A9012850068AC01 /* Si4096.csv in Resources */ = {isa = PBXBuildFile; fileRef = 80B6F58A1A9012850068AC01 /* Si4096.csv */; };
		80B6F5951A9012850068AC01 /* Si8192.csv in Resources */ = {isa = PBXBuildFile; fileRef = 80B6F58B1A9012850068AC01 /* Si8192.csv */; };
/* End PBXBuildFile section */

/* Begin PBXContainerItemProxy section */
		801715531A8C12ED00CB13EB /* PBXContainerItemProxy */ = {
			isa = PBXContainerItemProxy;
			containerPortal = 801715311A8C12EB00CB13EB /* Project object */;
			proxyType = 1;
			remoteGlobalIDString = 801715381A8C12EB00CB13EB;
			remoteInfo = PDScoresTest;
		};
		801715671A8C156200CB13EB /* PBXContainerItemProxy */ = {
			isa = PBXContainerItemProxy;
			containerPortal = 801715621A8C156200CB13EB /* PDScores.xcodeproj */;
			proxyType = 2;
			remoteGlobalIDString = 801712D41A897DC200CB13EB;
			remoteInfo = PDScores;
		};
		801715691A8C156200CB13EB /* PBXContainerItemProxy */ = {
			isa = PBXContainerItemProxy;
			containerPortal = 801715621A8C156200CB13EB /* PDScores.xcodeproj */;
			proxyType = 2;
			remoteGlobalIDString = 801712DF1A897DC200CB13EB;
			remoteInfo = PDScoresTests;
		};
		8017157C1A8C1A9B00CB13EB /* PBXContainerItemProxy */ = {
			isa = PBXContainerItemProxy;
			containerPortal = 801715621A8C156200CB13EB /* PDScores.xcodeproj */;
			proxyType = 1;
			remoteGlobalIDString = 801712D31A897DC200CB13EB;
			remoteInfo = PDScores;
		};
		80B5A1EB1A980C940082D99E /* PBXContainerItemProxy */ = {
			isa = PBXContainerItemProxy;
			containerPortal = 801715311A8C12EB00CB13EB /* Project object */;
			proxyType = 1;
			remoteGlobalIDString = 801715381A8C12EB00CB13EB;
			remoteInfo = PDScoresTest;
		};
/* End PBXContainerItemProxy section */

/* Begin PBXFileReference section */
		800C6D111A901A8700A1D523 /* tForPitchStrength.csv */ = {isa = PBXFileReference; fileEncoding = 4; lastKnownFileType = text; path = tForPitchStrength.csv; sourceTree = "<group>"; };
		801715391A8C12EB00CB13EB /* PDScoresTest.app */ = {isa = PBXFileReference; explicitFileType = wrapper.application; includeInIndex = 0; path = PDScoresTest.app; sourceTree = BUILT_PRODUCTS_DIR; };
		8017153D1A8C12EB00CB13EB /* Info.plist */ = {isa = PBXFileReference; lastKnownFileType = text.plist.xml; path = Info.plist; sourceTree = "<group>"; };
		8017153E1A8C12EB00CB13EB /* main.m */ = {isa = PBXFileReference; lastKnownFileType = sourcecode.c.objc; path = main.m; sourceTree = "<group>"; };
		801715401A8C12EB00CB13EB /* AppDelegate.h */ = {isa = PBXFileReference; lastKnownFileType = sourcecode.c.h; path = AppDelegate.h; sourceTree = "<group>"; };
		801715411A8C12EB00CB13EB /* AppDelegate.m */ = {isa = PBXFileReference; lastKnownFileType = sourcecode.c.objc; path = AppDelegate.m; sourceTree = "<group>"; };
		801715431A8C12EB00CB13EB /* ViewController.h */ = {isa = PBXFileReference; lastKnownFileType = sourcecode.c.h; path = ViewController.h; sourceTree = "<group>"; };
		801715441A8C12EB00CB13EB /* ViewController.m */ = {isa = PBXFileReference; lastKnownFileType = sourcecode.c.objc; path = ViewController.m; sourceTree = "<group>"; };
		801715471A8C12EC00CB13EB /* Base */ = {isa = PBXFileReference; lastKnownFileType = file.storyboard; name = Base; path = Base.lproj/Main.storyboard; sourceTree = "<group>"; };
		801715491A8C12EC00CB13EB /* Images.xcassets */ = {isa = PBXFileReference; lastKnownFileType = folder.assetcatalog; path = Images.xcassets; sourceTree = "<group>"; };
		8017154C1A8C12EC00CB13EB /* Base */ = {isa = PBXFileReference; lastKnownFileType = file.xib; name = Base; path = Base.lproj/LaunchScreen.xib; sourceTree = "<group>"; };
		801715521A8C12ED00CB13EB /* PDScoresTestTests.xctest */ = {isa = PBXFileReference; explicitFileType = wrapper.cfbundle; includeInIndex = 0; path = PDScoresTestTests.xctest; sourceTree = BUILT_PRODUCTS_DIR; };
		801715571A8C12ED00CB13EB /* Info.plist */ = {isa = PBXFileReference; lastKnownFileType = text.plist.xml; path = Info.plist; sourceTree = "<group>"; };
		801715581A8C12ED00CB13EB /* PDScoresTestTests.m */ = {isa = PBXFileReference; lastKnownFileType = sourcecode.c.objc; path = PDScoresTestTests.m; sourceTree = "<group>"; };
		801715621A8C156200CB13EB /* PDScores.xcodeproj */ = {isa = PBXFileReference; lastKnownFileType = "wrapper.pb-project"; name = PDScores.xcodeproj; path = ../../PDScores/PDScores.xcodeproj; sourceTree = "<group>"; };
		801715701A8C16FC00CB13EB /* gait-posture.json */ = {isa = PBXFileReference; fileEncoding = 4; lastKnownFileType = text.json; path = "gait-posture.json"; sourceTree = "<group>"; };
		801715711A8C16FC00CB13EB /* phonation.m4a */ = {isa = PBXFileReference; lastKnownFileType = file; path = phonation.m4a; sourceTree = "<group>"; };
		801715721A8C16FC00CB13EB /* tapping.json */ = {isa = PBXFileReference; fileEncoding = 4; lastKnownFileType = text.json; path = tapping.json; sourceTree = "<group>"; };
		801715781A8C196500CB13EB /* AudioToolbox.framework */ = {isa = PBXFileReference; lastKnownFileType = wrapper.framework; name = AudioToolbox.framework; path = System/Library/Frameworks/AudioToolbox.framework; sourceTree = SDKROOT; };
		8017157A1A8C199900CB13EB /* Accelerate.framework */ = {isa = PBXFileReference; lastKnownFileType = wrapper.framework; name = Accelerate.framework; path = System/Library/Frameworks/Accelerate.framework; sourceTree = SDKROOT; };
		803DCB981A8FBA0C003B58A4 /* abs(X).csv */ = {isa = PBXFileReference; fileEncoding = 4; lastKnownFileType = text; path = "abs(X).csv"; sourceTree = "<group>"; };
		803DCB991A8FBA0C003B58A4 /* f.csv */ = {isa = PBXFileReference; fileEncoding = 4; lastKnownFileType = text; path = f.csv; sourceTree = "<group>"; };
		803DCB9A1A8FBA0C003B58A4 /* fERBs.csv */ = {isa = PBXFileReference; fileEncoding = 4; lastKnownFileType = text; path = fERBs.csv; sourceTree = "<group>"; };
		803DCB9B1A8FBA0C003B58A4 /* interp1Out.csv */ = {isa = PBXFileReference; fileEncoding = 4; lastKnownFileType = text; path = interp1Out.csv; sourceTree = "<group>"; };
		8043EE9B1A92F6D000AF8669 /* interp1512.csv */ = {isa = PBXFileReference; fileEncoding = 4; lastKnownFileType = text; path = interp1512.csv; sourceTree = "<group>"; };
		8043EE9C1A92F6D000AF8669 /* interp11024.csv */ = {isa = PBXFileReference; fileEncoding = 4; lastKnownFileType = text; path = interp11024.csv; sourceTree = "<group>"; };
		8043EE9D1A92F6D000AF8669 /* interp12048.csv */ = {isa = PBXFileReference; fileEncoding = 4; lastKnownFileType = text; path = interp12048.csv; sourceTree = "<group>"; };
		8043EE9E1A92F6D000AF8669 /* interp14096.csv */ = {isa = PBXFileReference; fileEncoding = 4; lastKnownFileType = text; path = interp14096.csv; sourceTree = "<group>"; };
		8043EE9F1A92F6D000AF8669 /* interp18192.csv */ = {isa = PBXFileReference; fileEncoding = 4; lastKnownFileType = text; path = interp18192.csv; sourceTree = "<group>"; };
		8043EEA61A94477400AF8669 /* specgramX(512)im.csv */ = {isa = PBXFileReference; fileEncoding = 4; lastKnownFileType = text; path = "specgramX(512)im.csv"; sourceTree = "<group>"; };
		8043EEA71A94477400AF8669 /* specgramX(1024)im.csv */ = {isa = PBXFileReference; fileEncoding = 4; lastKnownFileType = text; path = "specgramX(1024)im.csv"; sourceTree = "<group>"; };
		8043EEA81A94477400AF8669 /* specgramX(2048)im.csv */ = {isa = PBXFileReference; fileEncoding = 4; lastKnownFileType = text; path = "specgramX(2048)im.csv"; sourceTree = "<group>"; };
		8043EEA91A94477400AF8669 /* specgramX(4096)im.csv */ = {isa = PBXFileReference; fileEncoding = 4; lastKnownFileType = text; path = "specgramX(4096)im.csv"; sourceTree = "<group>"; };
		8043EEAA1A94477400AF8669 /* specgramX(8192)im.csv */ = {isa = PBXFileReference; fileEncoding = 4; lastKnownFileType = text; path = "specgramX(8192)im.csv"; sourceTree = "<group>"; };
		8081F7151A8FD3160026511A /* audiotrim.csv */ = {isa = PBXFileReference; fileEncoding = 4; lastKnownFileType = text; path = audiotrim.csv; sourceTree = "<group>"; };
		8081F7161A8FD3170026511A /* swipepOutF0.csv */ = {isa = PBXFileReference; fileEncoding = 4; lastKnownFileType = text; path = swipepOutF0.csv; sourceTree = "<group>"; };
		8081F7171A8FD3170026511A /* swipepOutF0p.csv */ = {isa = PBXFileReference; fileEncoding = 4; lastKnownFileType = text; path = swipepOutF0p.csv; sourceTree = "<group>"; };
		8081F7181A8FD3170026511A /* swipepOutF0t.csv */ = {isa = PBXFileReference; fileEncoding = 4; lastKnownFileType = text; path = swipepOutF0t.csv; sourceTree = "<group>"; };
		8081F71E1A8FDEA80026511A /* hanning(512).csv */ = {isa = PBXFileReference; fileEncoding = 4; lastKnownFileType = text; path = "hanning(512).csv"; sourceTree = "<group>"; };
		8081F71F1A8FDEA80026511A /* hanning(1024).csv */ = {isa = PBXFileReference; fileEncoding = 4; lastKnownFileType = text; path = "hanning(1024).csv"; sourceTree = "<group>"; };
		8081F7201A8FDEA80026511A /* hanning(2048).csv */ = {isa = PBXFileReference; fileEncoding = 4; lastKnownFileType = text; path = "hanning(2048).csv"; sourceTree = "<group>"; };
		8081F7211A8FDEA80026511A /* hanning(4096).csv */ = {isa = PBXFileReference; fileEncoding = 4; lastKnownFileType = text; path = "hanning(4096).csv"; sourceTree = "<group>"; };
		8081F7221A8FDEA80026511A /* hanning(8192).csv */ = {isa = PBXFileReference; fileEncoding = 4; lastKnownFileType = text; path = "hanning(8192).csv"; sourceTree = "<group>"; };
		80B5A1E51A980C930082D99E /* PDScoresTestPerformanceTests.xctest */ = {isa = PBXFileReference; explicitFileType = wrapper.cfbundle; includeInIndex = 0; path = PDScoresTestPerformanceTests.xctest; sourceTree = BUILT_PRODUCTS_DIR; };
		80B5A1E81A980C940082D99E /* Info.plist */ = {isa = PBXFileReference; lastKnownFileType = text.plist.xml; path = Info.plist; sourceTree = "<group>"; };
		80B5A1E91A980C940082D99E /* PDScoresTestPerformanceTests.m */ = {isa = PBXFileReference; lastKnownFileType = sourcecode.c.objc; path = PDScoresTestPerformanceTests.m; sourceTree = "<group>"; };
		80B6F5311A9000D70068AC01 /* specgramf(512).csv */ = {isa = PBXFileReference; fileEncoding = 4; lastKnownFileType = text; path = "specgramf(512).csv"; sourceTree = "<group>"; };
		80B6F5321A9000D70068AC01 /* specgramf(1024).csv */ = {isa = PBXFileReference; fileEncoding = 4; lastKnownFileType = text; path = "specgramf(1024).csv"; sourceTree = "<group>"; };
		80B6F5331A9000D70068AC01 /* specgramf(2048).csv */ = {isa = PBXFileReference; fileEncoding = 4; lastKnownFileType = text; path = "specgramf(2048).csv"; sourceTree = "<group>"; };
		80B6F5341A9000D70068AC01 /* specgramf(4096).csv */ = {isa = PBXFileReference; fileEncoding = 4; lastKnownFileType = text; path = "specgramf(4096).csv"; sourceTree = "<group>"; };
		80B6F5351A9000D70068AC01 /* specgramf(8192).csv */ = {isa = PBXFileReference; fileEncoding = 4; lastKnownFileType = text; path = "specgramf(8192).csv"; sourceTree = "<group>"; };
		80B6F5361A9000D70068AC01 /* specgramti(512).csv */ = {isa = PBXFileReference; fileEncoding = 4; lastKnownFileType = text; path = "specgramti(512).csv"; sourceTree = "<group>"; };
		80B6F5371A9000D70068AC01 /* specgramti(1024).csv */ = {isa = PBXFileReference; fileEncoding = 4; lastKnownFileType = text; path = "specgramti(1024).csv"; sourceTree = "<group>"; };
		80B6F5381A9000D70068AC01 /* specgramti(2048).csv */ = {isa = PBXFileReference; fileEncoding = 4; lastKnownFileType = text; path = "specgramti(2048).csv"; sourceTree = "<group>"; };
		80B6F5391A9000D70068AC01 /* specgramti(4096).csv */ = {isa = PBXFileReference; fileEncoding = 4; lastKnownFileType = text; path = "specgramti(4096).csv"; sourceTree = "<group>"; };
		80B6F53A1A9000D70068AC01 /* specgramti(8192).csv */ = {isa = PBXFileReference; fileEncoding = 4; lastKnownFileType = text; path = "specgramti(8192).csv"; sourceTree = "<group>"; };
		80B6F53B1A9000D70068AC01 /* specgramX(512).csv */ = {isa = PBXFileReference; fileEncoding = 4; lastKnownFileType = text; path = "specgramX(512).csv"; sourceTree = "<group>"; };
		80B6F53C1A9000D70068AC01 /* specgramX(1024).csv */ = {isa = PBXFileReference; fileEncoding = 4; lastKnownFileType = text; path = "specgramX(1024).csv"; sourceTree = "<group>"; };
		80B6F53D1A9000D70068AC01 /* specgramX(2048).csv */ = {isa = PBXFileReference; fileEncoding = 4; lastKnownFileType = text; path = "specgramX(2048).csv"; sourceTree = "<group>"; };
		80B6F53E1A9000D70068AC01 /* specgramX(4096).csv */ = {isa = PBXFileReference; fileEncoding = 4; lastKnownFileType = text; path = "specgramX(4096).csv"; sourceTree = "<group>"; };
		80B6F53F1A9000D70068AC01 /* specgramX(8192).csv */ = {isa = PBXFileReference; fileEncoding = 4; lastKnownFileType = text; path = "specgramX(8192).csv"; sourceTree = "<group>"; };
		80B6F5501A900A450068AC01 /* abs(X)512.csv */ = {isa = PBXFileReference; fileEncoding = 4; lastKnownFileType = text; path = "abs(X)512.csv"; sourceTree = "<group>"; };
		80B6F5511A900A450068AC01 /* abs(X)1024.csv */ = {isa = PBXFileReference; fileEncoding = 4; lastKnownFileType = text; path = "abs(X)1024.csv"; sourceTree = "<group>"; };
		80B6F5521A900A450068AC01 /* abs(X)2048.csv */ = {isa = PBXFileReference; fileEncoding = 4; lastKnownFileType = text; path = "abs(X)2048.csv"; sourceTree = "<group>"; };
		80B6F5531A900A450068AC01 /* abs(X)4096.csv */ = {isa = PBXFileReference; fileEncoding = 4; lastKnownFileType = text; path = "abs(X)4096.csv"; sourceTree = "<group>"; };
		80B6F5541A900A450068AC01 /* abs(X)8192.csv */ = {isa = PBXFileReference; fileEncoding = 4; lastKnownFileType = text; path = "abs(X)8192.csv"; sourceTree = "<group>"; };
		80B6F5551A900A450068AC01 /* f512.csv */ = {isa = PBXFileReference; fileEncoding = 4; lastKnownFileType = text; path = f512.csv; sourceTree = "<group>"; };
		80B6F5561A900A450068AC01 /* f1024.csv */ = {isa = PBXFileReference; fileEncoding = 4; lastKnownFileType = text; path = f1024.csv; sourceTree = "<group>"; };
		80B6F5571A900A450068AC01 /* f2048.csv */ = {isa = PBXFileReference; fileEncoding = 4; lastKnownFileType = text; path = f2048.csv; sourceTree = "<group>"; };
		80B6F5581A900A450068AC01 /* f4096.csv */ = {isa = PBXFileReference; fileEncoding = 4; lastKnownFileType = text; path = f4096.csv; sourceTree = "<group>"; };
		80B6F5591A900A450068AC01 /* f8192.csv */ = {isa = PBXFileReference; fileEncoding = 4; lastKnownFileType = text; path = f8192.csv; sourceTree = "<group>"; };
		80B6F55A1A900A450068AC01 /* fERBs512.csv */ = {isa = PBXFileReference; fileEncoding = 4; lastKnownFileType = text; path = fERBs512.csv; sourceTree = "<group>"; };
		80B6F55B1A900A450068AC01 /* fERBs1024.csv */ = {isa = PBXFileReference; fileEncoding = 4; lastKnownFileType = text; path = fERBs1024.csv; sourceTree = "<group>"; };
		80B6F55C1A900A450068AC01 /* fERBs2048.csv */ = {isa = PBXFileReference; fileEncoding = 4; lastKnownFileType = text; path = fERBs2048.csv; sourceTree = "<group>"; };
		80B6F55D1A900A450068AC01 /* fERBs4096.csv */ = {isa = PBXFileReference; fileEncoding = 4; lastKnownFileType = text; path = fERBs4096.csv; sourceTree = "<group>"; };
		80B6F55E1A900A450068AC01 /* fERBs8192.csv */ = {isa = PBXFileReference; fileEncoding = 4; lastKnownFileType = text; path = fERBs8192.csv; sourceTree = "<group>"; };
		80B6F55F1A900A460068AC01 /* L512.csv */ = {isa = PBXFileReference; fileEncoding = 4; lastKnownFileType = text; path = L512.csv; sourceTree = "<group>"; };
		80B6F5601A900A460068AC01 /* L1024.csv */ = {isa = PBXFileReference; fileEncoding = 4; lastKnownFileType = text; path = L1024.csv; sourceTree = "<group>"; };
		80B6F5611A900A460068AC01 /* L2048.csv */ = {isa = PBXFileReference; fileEncoding = 4; lastKnownFileType = text; path = L2048.csv; sourceTree = "<group>"; };
		80B6F5621A900A460068AC01 /* L4096.csv */ = {isa = PBXFileReference; fileEncoding = 4; lastKnownFileType = text; path = L4096.csv; sourceTree = "<group>"; };
		80B6F5631A900A460068AC01 /* L8192.csv */ = {isa = PBXFileReference; fileEncoding = 4; lastKnownFileType = text; path = L8192.csv; sourceTree = "<group>"; };
		80B6F5641A900A460068AC01 /* pc(j)512.csv */ = {isa = PBXFileReference; fileEncoding = 4; lastKnownFileType = text; path = "pc(j)512.csv"; sourceTree = "<group>"; };
		80B6F5651A900A460068AC01 /* pc(j)1024.csv */ = {isa = PBXFileReference; fileEncoding = 4; lastKnownFileType = text; path = "pc(j)1024.csv"; sourceTree = "<group>"; };
		80B6F5661A900A460068AC01 /* pc(j)2048.csv */ = {isa = PBXFileReference; fileEncoding = 4; lastKnownFileType = text; path = "pc(j)2048.csv"; sourceTree = "<group>"; };
		80B6F5671A900A460068AC01 /* pc(j)4096.csv */ = {isa = PBXFileReference; fileEncoding = 4; lastKnownFileType = text; path = "pc(j)4096.csv"; sourceTree = "<group>"; };
		80B6F5681A900A460068AC01 /* pc(j)8192.csv */ = {isa = PBXFileReference; fileEncoding = 4; lastKnownFileType = text; path = "pc(j)8192.csv"; sourceTree = "<group>"; };
		80B6F5821A9012850068AC01 /* interp1linear512.csv */ = {isa = PBXFileReference; fileEncoding = 4; lastKnownFileType = text; path = interp1linear512.csv; sourceTree = "<group>"; };
		80B6F5831A9012850068AC01 /* interp1linear1024.csv */ = {isa = PBXFileReference; fileEncoding = 4; lastKnownFileType = text; path = interp1linear1024.csv; sourceTree = "<group>"; };
		80B6F5841A9012850068AC01 /* interp1linear2048.csv */ = {isa = PBXFileReference; fileEncoding = 4; lastKnownFileType = text; path = interp1linear2048.csv; sourceTree = "<group>"; };
		80B6F5851A9012850068AC01 /* interp1linear4096.csv */ = {isa = PBXFileReference; fileEncoding = 4; lastKnownFileType = text; path = interp1linear4096.csv; sourceTree = "<group>"; };
		80B6F5861A9012850068AC01 /* interp1linear8192.csv */ = {isa = PBXFileReference; fileEncoding = 4; lastKnownFileType = text; path = interp1linear8192.csv; sourceTree = "<group>"; };
		80B6F5871A9012850068AC01 /* Si512.csv */ = {isa = PBXFileReference; fileEncoding = 4; lastKnownFileType = text; path = Si512.csv; sourceTree = "<group>"; };
		80B6F5881A9012850068AC01 /* Si1024.csv */ = {isa = PBXFileReference; fileEncoding = 4; lastKnownFileType = text; path = Si1024.csv; sourceTree = "<group>"; };
		80B6F5891A9012850068AC01 /* Si2048.csv */ = {isa = PBXFileReference; fileEncoding = 4; lastKnownFileType = text; path = Si2048.csv; sourceTree = "<group>"; };
		80B6F58A1A9012850068AC01 /* Si4096.csv */ = {isa = PBXFileReference; fileEncoding = 4; lastKnownFileType = text; path = Si4096.csv; sourceTree = "<group>"; };
		80B6F58B1A9012850068AC01 /* Si8192.csv */ = {isa = PBXFileReference; fileEncoding = 4; lastKnownFileType = text; path = Si8192.csv; sourceTree = "<group>"; };
/* End PBXFileReference section */

/* Begin PBXFrameworksBuildPhase section */
		801715361A8C12EB00CB13EB /* Frameworks */ = {
			isa = PBXFrameworksBuildPhase;
			buildActionMask = 2147483647;
			files = (
				8017157B1A8C199900CB13EB /* Accelerate.framework in Frameworks */,
				801715791A8C196500CB13EB /* AudioToolbox.framework in Frameworks */,
				8017156E1A8C15C000CB13EB /* libPDScores.a in Frameworks */,
			);
			runOnlyForDeploymentPostprocessing = 0;
		};
		8017154F1A8C12ED00CB13EB /* Frameworks */ = {
			isa = PBXFrameworksBuildPhase;
			buildActionMask = 2147483647;
			files = (
			);
			runOnlyForDeploymentPostprocessing = 0;
		};
		80B5A1E21A980C930082D99E /* Frameworks */ = {
			isa = PBXFrameworksBuildPhase;
			buildActionMask = 2147483647;
			files = (
			);
			runOnlyForDeploymentPostprocessing = 0;
		};
/* End PBXFrameworksBuildPhase section */

/* Begin PBXGroup section */
		801715301A8C12EB00CB13EB = {
			isa = PBXGroup;
			children = (
				8017157A1A8C199900CB13EB /* Accelerate.framework */,
				801715781A8C196500CB13EB /* AudioToolbox.framework */,
				8017153B1A8C12EB00CB13EB /* PDScoresTest */,
				801715551A8C12ED00CB13EB /* PDScoresTestTests */,
				80B5A1E61A980C940082D99E /* PDScoresTestPerformanceTests */,
				8017153A1A8C12EB00CB13EB /* Products */,
			);
			sourceTree = "<group>";
		};
		8017153A1A8C12EB00CB13EB /* Products */ = {
			isa = PBXGroup;
			children = (
				801715391A8C12EB00CB13EB /* PDScoresTest.app */,
				801715521A8C12ED00CB13EB /* PDScoresTestTests.xctest */,
				80B5A1E51A980C930082D99E /* PDScoresTestPerformanceTests.xctest */,
			);
			name = Products;
			sourceTree = "<group>";
		};
		8017153B1A8C12EB00CB13EB /* PDScoresTest */ = {
			isa = PBXGroup;
			children = (
				8017156F1A8C16FC00CB13EB /* Resources */,
				801715621A8C156200CB13EB /* PDScores.xcodeproj */,
				801715401A8C12EB00CB13EB /* AppDelegate.h */,
				801715411A8C12EB00CB13EB /* AppDelegate.m */,
				801715431A8C12EB00CB13EB /* ViewController.h */,
				801715441A8C12EB00CB13EB /* ViewController.m */,
				801715461A8C12EC00CB13EB /* Main.storyboard */,
				801715491A8C12EC00CB13EB /* Images.xcassets */,
				8017154B1A8C12EC00CB13EB /* LaunchScreen.xib */,
				8017153C1A8C12EB00CB13EB /* Supporting Files */,
			);
			path = PDScoresTest;
			sourceTree = "<group>";
		};
		8017153C1A8C12EB00CB13EB /* Supporting Files */ = {
			isa = PBXGroup;
			children = (
				8017153D1A8C12EB00CB13EB /* Info.plist */,
				8017153E1A8C12EB00CB13EB /* main.m */,
			);
			name = "Supporting Files";
			sourceTree = "<group>";
		};
		801715551A8C12ED00CB13EB /* PDScoresTestTests */ = {
			isa = PBXGroup;
			children = (
				803DCB9C1A8FBA0C003B58A4 /* From Matlab */,
				801715581A8C12ED00CB13EB /* PDScoresTestTests.m */,
				801715561A8C12ED00CB13EB /* Supporting Files */,
			);
			path = PDScoresTestTests;
			sourceTree = "<group>";
		};
		801715561A8C12ED00CB13EB /* Supporting Files */ = {
			isa = PBXGroup;
			children = (
				801715571A8C12ED00CB13EB /* Info.plist */,
			);
			name = "Supporting Files";
			sourceTree = "<group>";
		};
		801715631A8C156200CB13EB /* Products */ = {
			isa = PBXGroup;
			children = (
				801715681A8C156200CB13EB /* libPDScores.a */,
				8017156A1A8C156200CB13EB /* PDScoresTests.xctest */,
			);
			name = Products;
			sourceTree = "<group>";
		};
		8017156F1A8C16FC00CB13EB /* Resources */ = {
			isa = PBXGroup;
			children = (
				801715701A8C16FC00CB13EB /* gait-posture.json */,
				801715711A8C16FC00CB13EB /* phonation.m4a */,
				801715721A8C16FC00CB13EB /* tapping.json */,
			);
			path = Resources;
			sourceTree = SOURCE_ROOT;
		};
		803DCB9C1A8FBA0C003B58A4 /* From Matlab */ = {
			isa = PBXGroup;
			children = (
				8043EE9B1A92F6D000AF8669 /* interp1512.csv */,
				8043EE9C1A92F6D000AF8669 /* interp11024.csv */,
				8043EE9D1A92F6D000AF8669 /* interp12048.csv */,
				8043EE9E1A92F6D000AF8669 /* interp14096.csv */,
				8043EE9F1A92F6D000AF8669 /* interp18192.csv */,
				800C6D111A901A8700A1D523 /* tForPitchStrength.csv */,
				80B6F5821A9012850068AC01 /* interp1linear512.csv */,
				80B6F5831A9012850068AC01 /* interp1linear1024.csv */,
				80B6F5841A9012850068AC01 /* interp1linear2048.csv */,
				80B6F5851A9012850068AC01 /* interp1linear4096.csv */,
				80B6F5861A9012850068AC01 /* interp1linear8192.csv */,
				80B6F5871A9012850068AC01 /* Si512.csv */,
				80B6F5881A9012850068AC01 /* Si1024.csv */,
				80B6F5891A9012850068AC01 /* Si2048.csv */,
				80B6F58A1A9012850068AC01 /* Si4096.csv */,
				80B6F58B1A9012850068AC01 /* Si8192.csv */,
				80B6F5501A900A450068AC01 /* abs(X)512.csv */,
				80B6F5511A900A450068AC01 /* abs(X)1024.csv */,
				80B6F5521A900A450068AC01 /* abs(X)2048.csv */,
				80B6F5531A900A450068AC01 /* abs(X)4096.csv */,
				80B6F5541A900A450068AC01 /* abs(X)8192.csv */,
				80B6F5551A900A450068AC01 /* f512.csv */,
				80B6F5561A900A450068AC01 /* f1024.csv */,
				80B6F5571A900A450068AC01 /* f2048.csv */,
				80B6F5581A900A450068AC01 /* f4096.csv */,
				80B6F5591A900A450068AC01 /* f8192.csv */,
				80B6F55A1A900A450068AC01 /* fERBs512.csv */,
				80B6F55B1A900A450068AC01 /* fERBs1024.csv */,
				80B6F55C1A900A450068AC01 /* fERBs2048.csv */,
				80B6F55D1A900A450068AC01 /* fERBs4096.csv */,
				80B6F55E1A900A450068AC01 /* fERBs8192.csv */,
				80B6F55F1A900A460068AC01 /* L512.csv */,
				80B6F5601A900A460068AC01 /* L1024.csv */,
				80B6F5611A900A460068AC01 /* L2048.csv */,
				80B6F5621A900A460068AC01 /* L4096.csv */,
				80B6F5631A900A460068AC01 /* L8192.csv */,
				80B6F5641A900A460068AC01 /* pc(j)512.csv */,
				80B6F5651A900A460068AC01 /* pc(j)1024.csv */,
				80B6F5661A900A460068AC01 /* pc(j)2048.csv */,
				80B6F5671A900A460068AC01 /* pc(j)4096.csv */,
				80B6F5681A900A460068AC01 /* pc(j)8192.csv */,
				80B6F5311A9000D70068AC01 /* specgramf(512).csv */,
				80B6F5321A9000D70068AC01 /* specgramf(1024).csv */,
				80B6F5331A9000D70068AC01 /* specgramf(2048).csv */,
				80B6F5341A9000D70068AC01 /* specgramf(4096).csv */,
				80B6F5351A9000D70068AC01 /* specgramf(8192).csv */,
				80B6F5361A9000D70068AC01 /* specgramti(512).csv */,
				80B6F5371A9000D70068AC01 /* specgramti(1024).csv */,
				80B6F5381A9000D70068AC01 /* specgramti(2048).csv */,
				80B6F5391A9000D70068AC01 /* specgramti(4096).csv */,
				80B6F53A1A9000D70068AC01 /* specgramti(8192).csv */,
				80B6F53B1A9000D70068AC01 /* specgramX(512).csv */,
				8043EEA61A94477400AF8669 /* specgramX(512)im.csv */,
				80B6F53C1A9000D70068AC01 /* specgramX(1024).csv */,
				8043EEA71A94477400AF8669 /* specgramX(1024)im.csv */,
				80B6F53D1A9000D70068AC01 /* specgramX(2048).csv */,
				8043EEA81A94477400AF8669 /* specgramX(2048)im.csv */,
				80B6F53E1A9000D70068AC01 /* specgramX(4096).csv */,
				8043EEA91A94477400AF8669 /* specgramX(4096)im.csv */,
				80B6F53F1A9000D70068AC01 /* specgramX(8192).csv */,
				8043EEAA1A94477400AF8669 /* specgramX(8192)im.csv */,
				8081F71E1A8FDEA80026511A /* hanning(512).csv */,
				8081F71F1A8FDEA80026511A /* hanning(1024).csv */,
				8081F7201A8FDEA80026511A /* hanning(2048).csv */,
				8081F7211A8FDEA80026511A /* hanning(4096).csv */,
				8081F7221A8FDEA80026511A /* hanning(8192).csv */,
				8081F7151A8FD3160026511A /* audiotrim.csv */,
				8081F7161A8FD3170026511A /* swipepOutF0.csv */,
				8081F7171A8FD3170026511A /* swipepOutF0p.csv */,
				8081F7181A8FD3170026511A /* swipepOutF0t.csv */,
				803DCB981A8FBA0C003B58A4 /* abs(X).csv */,
				803DCB991A8FBA0C003B58A4 /* f.csv */,
				803DCB9A1A8FBA0C003B58A4 /* fERBs.csv */,
				803DCB9B1A8FBA0C003B58A4 /* interp1Out.csv */,
			);
			name = "From Matlab";
			path = "/Users/erin/Development/Sage/PDScores/PDScores/PDScoresTests/../../../../../Desktop/From Matlab";
			sourceTree = "<absolute>";
		};
		80B5A1E61A980C940082D99E /* PDScoresTestPerformanceTests */ = {
			isa = PBXGroup;
			children = (
				80B5A1E91A980C940082D99E /* PDScoresTestPerformanceTests.m */,
				80B5A1E71A980C940082D99E /* Supporting Files */,
			);
			path = PDScoresTestPerformanceTests;
			sourceTree = "<group>";
		};
		80B5A1E71A980C940082D99E /* Supporting Files */ = {
			isa = PBXGroup;
			children = (
				80B5A1E81A980C940082D99E /* Info.plist */,
			);
			name = "Supporting Files";
			sourceTree = "<group>";
		};
/* End PBXGroup section */

/* Begin PBXNativeTarget section */
		801715381A8C12EB00CB13EB /* PDScoresTest */ = {
			isa = PBXNativeTarget;
			buildConfigurationList = 8017155C1A8C12ED00CB13EB /* Build configuration list for PBXNativeTarget "PDScoresTest" */;
			buildPhases = (
				801715351A8C12EB00CB13EB /* Sources */,
				801715361A8C12EB00CB13EB /* Frameworks */,
				801715371A8C12EB00CB13EB /* Resources */,
			);
			buildRules = (
			);
			dependencies = (
				8017157D1A8C1A9B00CB13EB /* PBXTargetDependency */,
			);
			name = PDScoresTest;
			productName = PDScoresTest;
			productReference = 801715391A8C12EB00CB13EB /* PDScoresTest.app */;
			productType = "com.apple.product-type.application";
		};
		801715511A8C12ED00CB13EB /* PDScoresTestTests */ = {
			isa = PBXNativeTarget;
			buildConfigurationList = 8017155F1A8C12ED00CB13EB /* Build configuration list for PBXNativeTarget "PDScoresTestTests" */;
			buildPhases = (
				8017154E1A8C12ED00CB13EB /* Sources */,
				8017154F1A8C12ED00CB13EB /* Frameworks */,
				801715501A8C12ED00CB13EB /* Resources */,
			);
			buildRules = (
			);
			dependencies = (
				801715541A8C12ED00CB13EB /* PBXTargetDependency */,
			);
			name = PDScoresTestTests;
			productName = PDScoresTestTests;
			productReference = 801715521A8C12ED00CB13EB /* PDScoresTestTests.xctest */;
			productType = "com.apple.product-type.bundle.unit-test";
		};
		80B5A1E41A980C930082D99E /* PDScoresTestPerformanceTests */ = {
			isa = PBXNativeTarget;
			buildConfigurationList = 80B5A1F01A980C940082D99E /* Build configuration list for PBXNativeTarget "PDScoresTestPerformanceTests" */;
			buildPhases = (
				80B5A1E11A980C930082D99E /* Sources */,
				80B5A1E21A980C930082D99E /* Frameworks */,
				80B5A1E31A980C930082D99E /* Resources */,
			);
			buildRules = (
			);
			dependencies = (
				80B5A1EC1A980C940082D99E /* PBXTargetDependency */,
			);
			name = PDScoresTestPerformanceTests;
			productName = PDScoresTestPerformanceTests;
			productReference = 80B5A1E51A980C930082D99E /* PDScoresTestPerformanceTests.xctest */;
			productType = "com.apple.product-type.bundle.unit-test";
		};
/* End PBXNativeTarget section */

/* Begin PBXProject section */
		801715311A8C12EB00CB13EB /* Project object */ = {
			isa = PBXProject;
			attributes = {
				LastUpgradeCheck = 0610;
				ORGANIZATIONNAME = "Sage Bionetworks";
				TargetAttributes = {
					801715381A8C12EB00CB13EB = {
						CreatedOnToolsVersion = 6.1.1;
					};
					801715511A8C12ED00CB13EB = {
						CreatedOnToolsVersion = 6.1.1;
						TestTargetID = 801715381A8C12EB00CB13EB;
					};
					80B5A1E41A980C930082D99E = {
						CreatedOnToolsVersion = 6.1.1;
						TestTargetID = 801715381A8C12EB00CB13EB;
					};
				};
			};
			buildConfigurationList = 801715341A8C12EB00CB13EB /* Build configuration list for PBXProject "PDScoresTest" */;
			compatibilityVersion = "Xcode 3.2";
			developmentRegion = English;
			hasScannedForEncodings = 0;
			knownRegions = (
				en,
				Base,
			);
			mainGroup = 801715301A8C12EB00CB13EB;
			productRefGroup = 8017153A1A8C12EB00CB13EB /* Products */;
			projectDirPath = "";
			projectReferences = (
				{
					ProductGroup = 801715631A8C156200CB13EB /* Products */;
					ProjectRef = 801715621A8C156200CB13EB /* PDScores.xcodeproj */;
				},
			);
			projectRoot = "";
			targets = (
				801715381A8C12EB00CB13EB /* PDScoresTest */,
				801715511A8C12ED00CB13EB /* PDScoresTestTests */,
				80B5A1E41A980C930082D99E /* PDScoresTestPerformanceTests */,
			);
		};
/* End PBXProject section */

/* Begin PBXReferenceProxy section */
		801715681A8C156200CB13EB /* libPDScores.a */ = {
			isa = PBXReferenceProxy;
			fileType = archive.ar;
			path = libPDScores.a;
			remoteRef = 801715671A8C156200CB13EB /* PBXContainerItemProxy */;
			sourceTree = BUILT_PRODUCTS_DIR;
		};
		8017156A1A8C156200CB13EB /* PDScoresTests.xctest */ = {
			isa = PBXReferenceProxy;
			fileType = wrapper.cfbundle;
			path = PDScoresTests.xctest;
			remoteRef = 801715691A8C156200CB13EB /* PBXContainerItemProxy */;
			sourceTree = BUILT_PRODUCTS_DIR;
		};
/* End PBXReferenceProxy section */

/* Begin PBXResourcesBuildPhase section */
		801715371A8C12EB00CB13EB /* Resources */ = {
			isa = PBXResourcesBuildPhase;
			buildActionMask = 2147483647;
			files = (
				801715741A8C16FC00CB13EB /* phonation.m4a in Resources */,
				801715481A8C12EC00CB13EB /* Main.storyboard in Resources */,
				801715731A8C16FC00CB13EB /* gait-posture.json in Resources */,
				8017154D1A8C12EC00CB13EB /* LaunchScreen.xib in Resources */,
				8017154A1A8C12EC00CB13EB /* Images.xcassets in Resources */,
				801715751A8C16FC00CB13EB /* tapping.json in Resources */,
			);
			runOnlyForDeploymentPostprocessing = 0;
		};
		801715501A8C12ED00CB13EB /* Resources */ = {
			isa = PBXResourcesBuildPhase;
			buildActionMask = 2147483647;
			files = (
				80B6F5441A9000D70068AC01 /* specgramf(8192).csv in Resources */,
				80B6F5951A9012850068AC01 /* Si8192.csv in Resources */,
				80B6F5461A9000D70068AC01 /* specgramti(1024).csv in Resources */,
				80B6F57F1A900A460068AC01 /* pc(j)2048.csv in Resources */,
				8081F7241A8FDEA80026511A /* hanning(1024).csv in Resources */,
				80B6F56F1A900A460068AC01 /* f1024.csv in Resources */,
				80B6F57D1A900A460068AC01 /* pc(j)512.csv in Resources */,
				80B6F5731A900A460068AC01 /* fERBs512.csv in Resources */,
				80B6F57E1A900A460068AC01 /* pc(j)1024.csv in Resources */,
				80B6F5481A9000D70068AC01 /* specgramti(4096).csv in Resources */,
				80B6F57B1A900A460068AC01 /* L4096.csv in Resources */,
				8043EEA11A92F6D000AF8669 /* interp11024.csv in Resources */,
				8081F7191A8FD3170026511A /* audiotrim.csv in Resources */,
				80B6F5921A9012850068AC01 /* Si1024.csv in Resources */,
				8081F71A1A8FD3170026511A /* swipepOutF0.csv in Resources */,
				80B6F5451A9000D70068AC01 /* specgramti(512).csv in Resources */,
				80B6F58D1A9012850068AC01 /* interp1linear1024.csv in Resources */,
				803DCB9D1A8FBA0C003B58A4 /* abs(X).csv in Resources */,
				8043EEA41A92F6D000AF8669 /* interp18192.csv in Resources */,
				8043EEAE1A94477400AF8669 /* specgramX(4096)im.csv in Resources */,
				80B6F5771A900A460068AC01 /* fERBs8192.csv in Resources */,
				8043EEA31A92F6D000AF8669 /* interp14096.csv in Resources */,
				80B6F56A1A900A460068AC01 /* abs(X)1024.csv in Resources */,
				80B6F5421A9000D70068AC01 /* specgramf(2048).csv in Resources */,
				80B6F5911A9012850068AC01 /* Si512.csv in Resources */,
				803DCB9F1A8FBA0C003B58A4 /* fERBs.csv in Resources */,
				80B6F5941A9012850068AC01 /* Si4096.csv in Resources */,
				80B6F5901A9012850068AC01 /* interp1linear8192.csv in Resources */,
				80B6F5691A900A460068AC01 /* abs(X)512.csv in Resources */,
				80B6F5761A900A460068AC01 /* fERBs4096.csv in Resources */,
				80B6F5711A900A460068AC01 /* f4096.csv in Resources */,
				80B6F5401A9000D70068AC01 /* specgramf(512).csv in Resources */,
				80B6F57C1A900A460068AC01 /* L8192.csv in Resources */,
				80B6F5781A900A460068AC01 /* L512.csv in Resources */,
				8043EEAB1A94477400AF8669 /* specgramX(512)im.csv in Resources */,
				80B6F5741A900A460068AC01 /* fERBs1024.csv in Resources */,
				8043EEAF1A94477400AF8669 /* specgramX(8192)im.csv in Resources */,
				80B6F5491A9000D70068AC01 /* specgramti(8192).csv in Resources */,
				8081F71C1A8FD3170026511A /* swipepOutF0t.csv in Resources */,
				80B6F54D1A9000D70068AC01 /* specgramX(4096).csv in Resources */,
				80B6F58C1A9012850068AC01 /* interp1linear512.csv in Resources */,
				80B6F5751A900A460068AC01 /* fERBs2048.csv in Resources */,
				80B6F5431A9000D70068AC01 /* specgramf(4096).csv in Resources */,
				80B6F5791A900A460068AC01 /* L1024.csv in Resources */,
				8081F7261A8FDEA80026511A /* hanning(4096).csv in Resources */,
				80B6F5701A900A460068AC01 /* f2048.csv in Resources */,
				80B6F54A1A9000D70068AC01 /* specgramX(512).csv in Resources */,
				80B6F57A1A900A460068AC01 /* L2048.csv in Resources */,
				8043EEAD1A94477400AF8669 /* specgramX(2048)im.csv in Resources */,
				803DCB9E1A8FBA0C003B58A4 /* f.csv in Resources */,
				80B6F54B1A9000D70068AC01 /* specgramX(1024).csv in Resources */,
				80B6F5411A9000D70068AC01 /* specgramf(1024).csv in Resources */,
				803DCBA01A8FBA0C003B58A4 /* interp1Out.csv in Resources */,
				80B6F56B1A900A460068AC01 /* abs(X)2048.csv in Resources */,
				8081F7251A8FDEA80026511A /* hanning(2048).csv in Resources */,
				80B6F58E1A9012850068AC01 /* interp1linear2048.csv in Resources */,
				8043EEA01A92F6D000AF8669 /* interp1512.csv in Resources */,
				8043EEA21A92F6D000AF8669 /* interp12048.csv in Resources */,
				800C6D121A901A8700A1D523 /* tForPitchStrength.csv in Resources */,
				8081F7271A8FDEA80026511A /* hanning(8192).csv in Resources */,
				80B6F56C1A900A460068AC01 /* abs(X)4096.csv in Resources */,
				80B6F54C1A9000D70068AC01 /* specgramX(2048).csv in Resources */,
				80B6F5801A900A460068AC01 /* pc(j)4096.csv in Resources */,
				80B6F54E1A9000D70068AC01 /* specgramX(8192).csv in Resources */,
				8043EEAC1A94477400AF8669 /* specgramX(1024)im.csv in Resources */,
				80B6F5471A9000D70068AC01 /* specgramti(2048).csv in Resources */,
				80B6F56E1A900A460068AC01 /* f512.csv in Resources */,
				80B6F58F1A9012850068AC01 /* interp1linear4096.csv in Resources */,
				8081F71B1A8FD3170026511A /* swipepOutF0p.csv in Resources */,
				80B6F5931A9012850068AC01 /* Si2048.csv in Resources */,
				80B6F56D1A900A460068AC01 /* abs(X)8192.csv in Resources */,
				8081F7231A8FDEA80026511A /* hanning(512).csv in Resources */,
				80B6F5721A900A460068AC01 /* f8192.csv in Resources */,
				80B6F5811A900A460068AC01 /* pc(j)8192.csv in Resources */,
			);
			runOnlyForDeploymentPostprocessing = 0;
		};
		80B5A1E31A980C930082D99E /* Resources */ = {
			isa = PBXResourcesBuildPhase;
			buildActionMask = 2147483647;
			files = (
			);
			runOnlyForDeploymentPostprocessing = 0;
		};
/* End PBXResourcesBuildPhase section */

/* Begin PBXSourcesBuildPhase section */
		801715351A8C12EB00CB13EB /* Sources */ = {
			isa = PBXSourcesBuildPhase;
			buildActionMask = 2147483647;
			files = (
				801715451A8C12EB00CB13EB /* ViewController.m in Sources */,
				801715421A8C12EB00CB13EB /* AppDelegate.m in Sources */,
				8017153F1A8C12EB00CB13EB /* main.m in Sources */,
			);
			runOnlyForDeploymentPostprocessing = 0;
		};
		8017154E1A8C12ED00CB13EB /* Sources */ = {
			isa = PBXSourcesBuildPhase;
			buildActionMask = 2147483647;
			files = (
				801715591A8C12ED00CB13EB /* PDScoresTestTests.m in Sources */,
			);
			runOnlyForDeploymentPostprocessing = 0;
		};
		80B5A1E11A980C930082D99E /* Sources */ = {
			isa = PBXSourcesBuildPhase;
			buildActionMask = 2147483647;
			files = (
				80B5A1EA1A980C940082D99E /* PDScoresTestPerformanceTests.m in Sources */,
			);
			runOnlyForDeploymentPostprocessing = 0;
		};
/* End PBXSourcesBuildPhase section */

/* Begin PBXTargetDependency section */
		801715541A8C12ED00CB13EB /* PBXTargetDependency */ = {
			isa = PBXTargetDependency;
			target = 801715381A8C12EB00CB13EB /* PDScoresTest */;
			targetProxy = 801715531A8C12ED00CB13EB /* PBXContainerItemProxy */;
		};
		8017157D1A8C1A9B00CB13EB /* PBXTargetDependency */ = {
			isa = PBXTargetDependency;
			name = PDScores;
			targetProxy = 8017157C1A8C1A9B00CB13EB /* PBXContainerItemProxy */;
		};
		80B5A1EC1A980C940082D99E /* PBXTargetDependency */ = {
			isa = PBXTargetDependency;
			target = 801715381A8C12EB00CB13EB /* PDScoresTest */;
			targetProxy = 80B5A1EB1A980C940082D99E /* PBXContainerItemProxy */;
		};
/* End PBXTargetDependency section */

/* Begin PBXVariantGroup section */
		801715461A8C12EC00CB13EB /* Main.storyboard */ = {
			isa = PBXVariantGroup;
			children = (
				801715471A8C12EC00CB13EB /* Base */,
			);
			name = Main.storyboard;
			sourceTree = "<group>";
		};
		8017154B1A8C12EC00CB13EB /* LaunchScreen.xib */ = {
			isa = PBXVariantGroup;
			children = (
				8017154C1A8C12EC00CB13EB /* Base */,
			);
			name = LaunchScreen.xib;
			sourceTree = "<group>";
		};
/* End PBXVariantGroup section */

/* Begin XCBuildConfiguration section */
		8017155A1A8C12ED00CB13EB /* Debug */ = {
			isa = XCBuildConfiguration;
			buildSettings = {
				ALWAYS_SEARCH_USER_PATHS = NO;
				CLANG_CXX_LANGUAGE_STANDARD = "gnu++0x";
				CLANG_CXX_LIBRARY = "libc++";
				CLANG_ENABLE_MODULES = YES;
				CLANG_ENABLE_OBJC_ARC = YES;
				CLANG_WARN_BOOL_CONVERSION = YES;
				CLANG_WARN_CONSTANT_CONVERSION = YES;
				CLANG_WARN_DIRECT_OBJC_ISA_USAGE = YES_ERROR;
				CLANG_WARN_EMPTY_BODY = YES;
				CLANG_WARN_ENUM_CONVERSION = YES;
				CLANG_WARN_INT_CONVERSION = YES;
				CLANG_WARN_OBJC_ROOT_CLASS = YES_ERROR;
				CLANG_WARN_UNREACHABLE_CODE = YES;
				CLANG_WARN__DUPLICATE_METHOD_MATCH = YES;
				"CODE_SIGN_IDENTITY[sdk=iphoneos*]" = "iPhone Developer";
				COPY_PHASE_STRIP = NO;
				ENABLE_STRICT_OBJC_MSGSEND = YES;
				GCC_C_LANGUAGE_STANDARD = gnu99;
				GCC_DYNAMIC_NO_PIC = NO;
				GCC_OPTIMIZATION_LEVEL = 0;
				GCC_PREPROCESSOR_DEFINITIONS = (
					"DEBUG=1",
					"$(inherited)",
				);
				GCC_SYMBOLS_PRIVATE_EXTERN = NO;
				GCC_WARN_64_TO_32_BIT_CONVERSION = YES;
				GCC_WARN_ABOUT_RETURN_TYPE = YES_ERROR;
				GCC_WARN_UNDECLARED_SELECTOR = YES;
				GCC_WARN_UNINITIALIZED_AUTOS = YES_AGGRESSIVE;
				GCC_WARN_UNUSED_FUNCTION = YES;
				GCC_WARN_UNUSED_VARIABLE = YES;
				HEADER_SEARCH_PATHS = (
					"$(inherited)",
					/Applications/Xcode.app/Contents/Developer/Toolchains/XcodeDefault.xctoolchain/usr/include,
					"../PDScores/PDScores/**",
				);
				IPHONEOS_DEPLOYMENT_TARGET = 8.1;
				MTL_ENABLE_DEBUG_INFO = YES;
				ONLY_ACTIVE_ARCH = YES;
				SDKROOT = iphoneos;
				TARGETED_DEVICE_FAMILY = "1,2";
			};
			name = Debug;
		};
		8017155B1A8C12ED00CB13EB /* Release */ = {
			isa = XCBuildConfiguration;
			buildSettings = {
				ALWAYS_SEARCH_USER_PATHS = NO;
				CLANG_CXX_LANGUAGE_STANDARD = "gnu++0x";
				CLANG_CXX_LIBRARY = "libc++";
				CLANG_ENABLE_MODULES = YES;
				CLANG_ENABLE_OBJC_ARC = YES;
				CLANG_WARN_BOOL_CONVERSION = YES;
				CLANG_WARN_CONSTANT_CONVERSION = YES;
				CLANG_WARN_DIRECT_OBJC_ISA_USAGE = YES_ERROR;
				CLANG_WARN_EMPTY_BODY = YES;
				CLANG_WARN_ENUM_CONVERSION = YES;
				CLANG_WARN_INT_CONVERSION = YES;
				CLANG_WARN_OBJC_ROOT_CLASS = YES_ERROR;
				CLANG_WARN_UNREACHABLE_CODE = YES;
				CLANG_WARN__DUPLICATE_METHOD_MATCH = YES;
				"CODE_SIGN_IDENTITY[sdk=iphoneos*]" = "iPhone Developer";
				COPY_PHASE_STRIP = YES;
				ENABLE_NS_ASSERTIONS = NO;
				ENABLE_STRICT_OBJC_MSGSEND = YES;
				GCC_C_LANGUAGE_STANDARD = gnu99;
				GCC_WARN_64_TO_32_BIT_CONVERSION = YES;
				GCC_WARN_ABOUT_RETURN_TYPE = YES_ERROR;
				GCC_WARN_UNDECLARED_SELECTOR = YES;
				GCC_WARN_UNINITIALIZED_AUTOS = YES_AGGRESSIVE;
				GCC_WARN_UNUSED_FUNCTION = YES;
				GCC_WARN_UNUSED_VARIABLE = YES;
				HEADER_SEARCH_PATHS = (
					"$(inherited)",
					/Applications/Xcode.app/Contents/Developer/Toolchains/XcodeDefault.xctoolchain/usr/include,
					"../PDScores/PDScores/**",
				);
				IPHONEOS_DEPLOYMENT_TARGET = 8.1;
				MTL_ENABLE_DEBUG_INFO = NO;
				SDKROOT = iphoneos;
				TARGETED_DEVICE_FAMILY = "1,2";
				VALIDATE_PRODUCT = YES;
			};
			name = Release;
		};
		8017155D1A8C12ED00CB13EB /* Debug */ = {
			isa = XCBuildConfiguration;
			buildSettings = {
				ASSETCATALOG_COMPILER_APPICON_NAME = AppIcon;
				INFOPLIST_FILE = PDScoresTest/Info.plist;
				LD_RUNPATH_SEARCH_PATHS = "$(inherited) @executable_path/Frameworks";
				OTHER_LDFLAGS = (
					"-ObjC",
					"-all_load",
				);
				PRODUCT_NAME = "$(TARGET_NAME)";
			};
			name = Debug;
		};
		8017155E1A8C12ED00CB13EB /* Release */ = {
			isa = XCBuildConfiguration;
			buildSettings = {
				ASSETCATALOG_COMPILER_APPICON_NAME = AppIcon;
				INFOPLIST_FILE = PDScoresTest/Info.plist;
				LD_RUNPATH_SEARCH_PATHS = "$(inherited) @executable_path/Frameworks";
				OTHER_LDFLAGS = (
					"-ObjC",
					"-all_load",
				);
				PRODUCT_NAME = "$(TARGET_NAME)";
			};
			name = Release;
		};
		801715601A8C12ED00CB13EB /* Debug */ = {
			isa = XCBuildConfiguration;
			buildSettings = {
				BUNDLE_LOADER = "$(TEST_HOST)";
				FRAMEWORK_SEARCH_PATHS = (
					"$(SDKROOT)/Developer/Library/Frameworks",
					"$(inherited)",
				);
				GCC_PREPROCESSOR_DEFINITIONS = (
					"DEBUG=1",
					"$(inherited)",
				);
				INFOPLIST_FILE = PDScoresTestTests/Info.plist;
				LD_RUNPATH_SEARCH_PATHS = "$(inherited) @executable_path/Frameworks @loader_path/Frameworks";
				OTHER_LDFLAGS = (
					"$(inherited)",
					"-framework",
					XCTest,
				);
				PRODUCT_NAME = "$(TARGET_NAME)";
				TEST_HOST = "$(BUILT_PRODUCTS_DIR)/PDScoresTest.app/PDScoresTest";
			};
			name = Debug;
		};
		801715611A8C12ED00CB13EB /* Release */ = {
			isa = XCBuildConfiguration;
			buildSettings = {
				BUNDLE_LOADER = "$(TEST_HOST)";
				FRAMEWORK_SEARCH_PATHS = (
					"$(SDKROOT)/Developer/Library/Frameworks",
					"$(inherited)",
				);
				INFOPLIST_FILE = PDScoresTestTests/Info.plist;
				LD_RUNPATH_SEARCH_PATHS = "$(inherited) @executable_path/Frameworks @loader_path/Frameworks";
				OTHER_LDFLAGS = (
					"$(inherited)",
					"-framework",
					XCTest,
				);
				PRODUCT_NAME = "$(TARGET_NAME)";
				TEST_HOST = "$(BUILT_PRODUCTS_DIR)/PDScoresTest.app/PDScoresTest";
			};
			name = Release;
		};
		80B5A1ED1A980C940082D99E /* Debug */ = {
			isa = XCBuildConfiguration;
			buildSettings = {
				BUNDLE_LOADER = "$(TEST_HOST)";
				FRAMEWORK_SEARCH_PATHS = (
					"$(SDKROOT)/Developer/Library/Frameworks",
					"$(inherited)",
				);
				GCC_PREPROCESSOR_DEFINITIONS = (
					"DEBUG=1",
					"$(inherited)",
				);
				INFOPLIST_FILE = PDScoresTestPerformanceTests/Info.plist;
				LD_RUNPATH_SEARCH_PATHS = "$(inherited) @executable_path/Frameworks @loader_path/Frameworks";
				PRODUCT_NAME = "$(TARGET_NAME)";
				TEST_HOST = "$(BUILT_PRODUCTS_DIR)/PDScoresTest.app/PDScoresTest";
			};
			name = Debug;
		};
		80B5A1EE1A980C940082D99E /* Release */ = {
			isa = XCBuildConfiguration;
			buildSettings = {
				BUNDLE_LOADER = "$(TEST_HOST)";
				FRAMEWORK_SEARCH_PATHS = (
					"$(SDKROOT)/Developer/Library/Frameworks",
					"$(inherited)",
				);
				INFOPLIST_FILE = PDScoresTestPerformanceTests/Info.plist;
				LD_RUNPATH_SEARCH_PATHS = "$(inherited) @executable_path/Frameworks @loader_path/Frameworks";
				PRODUCT_NAME = "$(TARGET_NAME)";
				TEST_HOST = "$(BUILT_PRODUCTS_DIR)/PDScoresTest.app/PDScoresTest";
			};
			name = Release;
		};
/* End XCBuildConfiguration section */

/* Begin XCConfigurationList section */
		801715341A8C12EB00CB13EB /* Build configuration list for PBXProject "PDScoresTest" */ = {
			isa = XCConfigurationList;
			buildConfigurations = (
				8017155A1A8C12ED00CB13EB /* Debug */,
				8017155B1A8C12ED00CB13EB /* Release */,
			);
			defaultConfigurationIsVisible = 0;
			defaultConfigurationName = Release;
		};
		8017155C1A8C12ED00CB13EB /* Build configuration list for PBXNativeTarget "PDScoresTest" */ = {
			isa = XCConfigurationList;
			buildConfigurations = (
				8017155D1A8C12ED00CB13EB /* Debug */,
				8017155E1A8C12ED00CB13EB /* Release */,
			);
			defaultConfigurationIsVisible = 0;
			defaultConfigurationName = Release;
		};
		8017155F1A8C12ED00CB13EB /* Build configuration list for PBXNativeTarget "PDScoresTestTests" */ = {
			isa = XCConfigurationList;
			buildConfigurations = (
				801715601A8C12ED00CB13EB /* Debug */,
				801715611A8C12ED00CB13EB /* Release */,
			);
			defaultConfigurationIsVisible = 0;
			defaultConfigurationName = Release;
		};
		80B5A1F01A980C940082D99E /* Build configuration list for PBXNativeTarget "PDScoresTestPerformanceTests" */ = {
			isa = XCConfigurationList;
			buildConfigurations = (
				80B5A1ED1A980C940082D99E /* Debug */,
				80B5A1EE1A980C940082D99E /* Release */,
			);
			defaultConfigurationIsVisible = 0;
			defaultConfigurationName = Release;
		};
/* End XCConfigurationList section */
	};
	rootObject = 801715311A8C12EB00CB13EB /* Project object */;
}
