// !$*UTF8*$!
{
	archiveVersion = 1;
	classes = {
	};
	objectVersion = 46;
	objects = {

/* Begin PBXBuildFile section */
		803DC9FE1A8F2BA6003B58A4 /* PDScoresMac.h in Headers */ = {isa = PBXBuildFile; fileRef = 803DC9FD1A8F2BA6003B58A4 /* PDScoresMac.h */; };
		803DCA001A8F2BA6003B58A4 /* PDScoresMac.m in Sources */ = {isa = PBXBuildFile; fileRef = 803DC9FF1A8F2BA6003B58A4 /* PDScoresMac.m */; };
		803DCA061A8F2BA6003B58A4 /* libPDScoresMac.a in Frameworks */ = {isa = PBXBuildFile; fileRef = 803DC9FA1A8F2BA6003B58A4 /* libPDScoresMac.a */; };
		803DCB171A8F2BFA003B58A4 /* abs.c in Sources */ = {isa = PBXBuildFile; fileRef = 803DCA161A8F2BF9003B58A4 /* abs.c */; };
		803DCB181A8F2BFA003B58A4 /* abs.h in Headers */ = {isa = PBXBuildFile; fileRef = 803DCA171A8F2BF9003B58A4 /* abs.h */; };
		803DCB191A8F2BFA003B58A4 /* atan2.c in Sources */ = {isa = PBXBuildFile; fileRef = 803DCA181A8F2BF9003B58A4 /* atan2.c */; };
		803DCB1A1A8F2BFA003B58A4 /* atan2.h in Headers */ = {isa = PBXBuildFile; fileRef = 803DCA191A8F2BF9003B58A4 /* atan2.h */; };
		803DCB1B1A8F2BFA003B58A4 /* bridge_ufb_data.c in Sources */ = {isa = PBXBuildFile; fileRef = 803DCA1A1A8F2BF9003B58A4 /* bridge_ufb_data.c */; };
		803DCB1C1A8F2BFA003B58A4 /* bridge_ufb_data.h in Headers */ = {isa = PBXBuildFile; fileRef = 803DCA1B1A8F2BF9003B58A4 /* bridge_ufb_data.h */; };
		803DCB1D1A8F2BFA003B58A4 /* bridge_ufb_emxAPI.c in Sources */ = {isa = PBXBuildFile; fileRef = 803DCA1C1A8F2BF9003B58A4 /* bridge_ufb_emxAPI.c */; };
		803DCB1E1A8F2BFA003B58A4 /* bridge_ufb_emxAPI.h in Headers */ = {isa = PBXBuildFile; fileRef = 803DCA1D1A8F2BF9003B58A4 /* bridge_ufb_emxAPI.h */; };
		803DCB1F1A8F2BFA003B58A4 /* bridge_ufb_emxutil.c in Sources */ = {isa = PBXBuildFile; fileRef = 803DCA1E1A8F2BF9003B58A4 /* bridge_ufb_emxutil.c */; };
		803DCB201A8F2BFA003B58A4 /* bridge_ufb_emxutil.h in Headers */ = {isa = PBXBuildFile; fileRef = 803DCA1F1A8F2BF9003B58A4 /* bridge_ufb_emxutil.h */; };
		803DCB211A8F2BFA003B58A4 /* bridge_ufb_initialize.c in Sources */ = {isa = PBXBuildFile; fileRef = 803DCA201A8F2BF9003B58A4 /* bridge_ufb_initialize.c */; };
		803DCB221A8F2BFA003B58A4 /* bridge_ufb_initialize.h in Headers */ = {isa = PBXBuildFile; fileRef = 803DCA211A8F2BF9003B58A4 /* bridge_ufb_initialize.h */; };
		803DCB231A8F2BFA003B58A4 /* bridge_ufb_rtwutil.c in Sources */ = {isa = PBXBuildFile; fileRef = 803DCA241A8F2BF9003B58A4 /* bridge_ufb_rtwutil.c */; };
		803DCB241A8F2BFA003B58A4 /* bridge_ufb_rtwutil.h in Headers */ = {isa = PBXBuildFile; fileRef = 803DCA251A8F2BF9003B58A4 /* bridge_ufb_rtwutil.h */; };
		803DCB251A8F2BFA003B58A4 /* bridge_ufb_terminate.c in Sources */ = {isa = PBXBuildFile; fileRef = 803DCA261A8F2BF9003B58A4 /* bridge_ufb_terminate.c */; };
		803DCB261A8F2BFA003B58A4 /* bridge_ufb_terminate.h in Headers */ = {isa = PBXBuildFile; fileRef = 803DCA271A8F2BF9003B58A4 /* bridge_ufb_terminate.h */; };
		803DCB271A8F2BFA003B58A4 /* bridge_ufb_types.h in Headers */ = {isa = PBXBuildFile; fileRef = 803DCA281A8F2BF9003B58A4 /* bridge_ufb_types.h */; };
		803DCB281A8F2BFA003B58A4 /* combine_vector_elements.c in Sources */ = {isa = PBXBuildFile; fileRef = 803DCA2B1A8F2BF9003B58A4 /* combine_vector_elements.c */; };
		803DCB291A8F2BFA003B58A4 /* combine_vector_elements.h in Headers */ = {isa = PBXBuildFile; fileRef = 803DCA2C1A8F2BF9003B58A4 /* combine_vector_elements.h */; };
		803DCB2A1A8F2BFA003B58A4 /* diff.c in Sources */ = {isa = PBXBuildFile; fileRef = 803DCA2D1A8F2BF9003B58A4 /* diff.c */; };
		803DCB2B1A8F2BFA003B58A4 /* diff.h in Headers */ = {isa = PBXBuildFile; fileRef = 803DCA2E1A8F2BF9003B58A4 /* diff.h */; };
		803DCB2C1A8F2BFA003B58A4 /* extractaudiophon.c in Sources */ = {isa = PBXBuildFile; fileRef = 803DCA2F1A8F2BF9003B58A4 /* extractaudiophon.c */; };
		803DCB2D1A8F2BFA003B58A4 /* extractaudiophon.h in Headers */ = {isa = PBXBuildFile; fileRef = 803DCA301A8F2BF9003B58A4 /* extractaudiophon.h */; };
		803DCB2E1A8F2BFA003B58A4 /* fastdfa.c in Sources */ = {isa = PBXBuildFile; fileRef = 803DCA311A8F2BF9003B58A4 /* fastdfa.c */; };
		803DCB2F1A8F2BFA003B58A4 /* fastdfa.h in Headers */ = {isa = PBXBuildFile; fileRef = 803DCA321A8F2BF9003B58A4 /* fastdfa.h */; };
		803DCB301A8F2BFA003B58A4 /* features_bga.c in Sources */ = {isa = PBXBuildFile; fileRef = 803DCA331A8F2BF9003B58A4 /* features_bga.c */; };
		803DCB311A8F2BFA003B58A4 /* features_bga.h in Headers */ = {isa = PBXBuildFile; fileRef = 803DCA341A8F2BF9003B58A4 /* features_bga.h */; };
		803DCB321A8F2BFA003B58A4 /* features_bpa.c in Sources */ = {isa = PBXBuildFile; fileRef = 803DCA351A8F2BF9003B58A4 /* features_bpa.c */; };
		803DCB331A8F2BFA003B58A4 /* features_bpa.h in Headers */ = {isa = PBXBuildFile; fileRef = 803DCA361A8F2BF9003B58A4 /* features_bpa.h */; };
		803DCB341A8F2BFA003B58A4 /* features_bta.c in Sources */ = {isa = PBXBuildFile; fileRef = 803DCA371A8F2BF9003B58A4 /* features_bta.c */; };
		803DCB351A8F2BFA003B58A4 /* features_bta.h in Headers */ = {isa = PBXBuildFile; fileRef = 803DCA381A8F2BF9003B58A4 /* features_bta.h */; };
		803DCB361A8F2BFA003B58A4 /* features_bvav2.c in Sources */ = {isa = PBXBuildFile; fileRef = 803DCA391A8F2BF9003B58A4 /* features_bvav2.c */; };
		803DCB371A8F2BFA003B58A4 /* features_bvav2.h in Headers */ = {isa = PBXBuildFile; fileRef = 803DCA3A1A8F2BF9003B58A4 /* features_bvav2.h */; };
		803DCB381A8F2BFA003B58A4 /* features_ufb.c in Sources */ = {isa = PBXBuildFile; fileRef = 803DCA3B1A8F2BF9003B58A4 /* features_ufb.c */; };
		803DCB391A8F2BFA003B58A4 /* features_ufb.h in Headers */ = {isa = PBXBuildFile; fileRef = 803DCA3C1A8F2BF9003B58A4 /* features_ufb.h */; };
		803DCB3A1A8F2BFA003B58A4 /* flip.c in Sources */ = {isa = PBXBuildFile; fileRef = 803DCA3D1A8F2BF9003B58A4 /* flip.c */; };
		803DCB3B1A8F2BFA003B58A4 /* flip.h in Headers */ = {isa = PBXBuildFile; fileRef = 803DCA3E1A8F2BF9003B58A4 /* flip.h */; };
		803DCB3C1A8F2BFA003B58A4 /* flipud.c in Sources */ = {isa = PBXBuildFile; fileRef = 803DCA3F1A8F2BF9003B58A4 /* flipud.c */; };
		803DCB3D1A8F2BFA003B58A4 /* flipud.h in Headers */ = {isa = PBXBuildFile; fileRef = 803DCA401A8F2BF9003B58A4 /* flipud.h */; };
		803DCB431A8F2BFA003B58A4 /* interp1.c in Sources */ = {isa = PBXBuildFile; fileRef = 803DCAD71A8F2BFA003B58A4 /* interp1.c */; };
		803DCB441A8F2BFA003B58A4 /* interp1.h in Headers */ = {isa = PBXBuildFile; fileRef = 803DCAD81A8F2BFA003B58A4 /* interp1.h */; };
		803DCB451A8F2BFA003B58A4 /* iqr.c in Sources */ = {isa = PBXBuildFile; fileRef = 803DCAD91A8F2BFA003B58A4 /* iqr.c */; };
		803DCB461A8F2BFA003B58A4 /* iqr.h in Headers */ = {isa = PBXBuildFile; fileRef = 803DCADA1A8F2BFA003B58A4 /* iqr.h */; };
		803DCB471A8F2BFA003B58A4 /* log10.c in Sources */ = {isa = PBXBuildFile; fileRef = 803DCADB1A8F2BFA003B58A4 /* log10.c */; };
		803DCB481A8F2BFA003B58A4 /* log10.h in Headers */ = {isa = PBXBuildFile; fileRef = 803DCADC1A8F2BFA003B58A4 /* log10.h */; };
		803DCB491A8F2BFA003B58A4 /* log2.c in Sources */ = {isa = PBXBuildFile; fileRef = 803DCADD1A8F2BFA003B58A4 /* log2.c */; };
		803DCB4A1A8F2BFA003B58A4 /* log2.h in Headers */ = {isa = PBXBuildFile; fileRef = 803DCADE1A8F2BFA003B58A4 /* log2.h */; };
		803DCB4B1A8F2BFA003B58A4 /* lomb.c in Sources */ = {isa = PBXBuildFile; fileRef = 803DCADF1A8F2BFA003B58A4 /* lomb.c */; };
		803DCB4C1A8F2BFA003B58A4 /* lomb.h in Headers */ = {isa = PBXBuildFile; fileRef = 803DCAE01A8F2BFA003B58A4 /* lomb.h */; };
		803DCB4D1A8F2BFA003B58A4 /* mean.c in Sources */ = {isa = PBXBuildFile; fileRef = 803DCAE11A8F2BFA003B58A4 /* mean.c */; };
		803DCB4E1A8F2BFA003B58A4 /* mean.h in Headers */ = {isa = PBXBuildFile; fileRef = 803DCAE21A8F2BFA003B58A4 /* mean.h */; };
		803DCB4F1A8F2BFA003B58A4 /* median.c in Sources */ = {isa = PBXBuildFile; fileRef = 803DCAE31A8F2BFA003B58A4 /* median.c */; };
		803DCB501A8F2BFA003B58A4 /* median.h in Headers */ = {isa = PBXBuildFile; fileRef = 803DCAE41A8F2BFA003B58A4 /* median.h */; };
		803DCB511A8F2BFA003B58A4 /* mfcc.c in Sources */ = {isa = PBXBuildFile; fileRef = 803DCAE51A8F2BFA003B58A4 /* mfcc.c */; };
		803DCB521A8F2BFA003B58A4 /* mfcc.h in Headers */ = {isa = PBXBuildFile; fileRef = 803DCAE61A8F2BFA003B58A4 /* mfcc.h */; };
		803DCB531A8F2BFA003B58A4 /* polyfit.c in Sources */ = {isa = PBXBuildFile; fileRef = 803DCAE71A8F2BFA003B58A4 /* polyfit.c */; };
		803DCB541A8F2BFA003B58A4 /* polyfit.h in Headers */ = {isa = PBXBuildFile; fileRef = 803DCAE81A8F2BFA003B58A4 /* polyfit.h */; };
		803DCB551A8F2BFA003B58A4 /* polyval.c in Sources */ = {isa = PBXBuildFile; fileRef = 803DCAE91A8F2BFA003B58A4 /* polyval.c */; };
		803DCB561A8F2BFA003B58A4 /* polyval.h in Headers */ = {isa = PBXBuildFile; fileRef = 803DCAEA1A8F2BFA003B58A4 /* polyval.h */; };
		803DCB571A8F2BFA003B58A4 /* power.c in Sources */ = {isa = PBXBuildFile; fileRef = 803DCAEB1A8F2BFA003B58A4 /* power.c */; };
		803DCB581A8F2BFA003B58A4 /* power.h in Headers */ = {isa = PBXBuildFile; fileRef = 803DCAEC1A8F2BFA003B58A4 /* power.h */; };
		803DCB591A8F2BFA003B58A4 /* primes.c in Sources */ = {isa = PBXBuildFile; fileRef = 803DCAED1A8F2BFA003B58A4 /* primes.c */; };
		803DCB5A1A8F2BFA003B58A4 /* primes.h in Headers */ = {isa = PBXBuildFile; fileRef = 803DCAEE1A8F2BFA003B58A4 /* primes.h */; };
		803DCB5B1A8F2BFA003B58A4 /* pwchcore.c in Sources */ = {isa = PBXBuildFile; fileRef = 803DCAEF1A8F2BFA003B58A4 /* pwchcore.c */; };
		803DCB5C1A8F2BFA003B58A4 /* pwchcore.h in Headers */ = {isa = PBXBuildFile; fileRef = 803DCAF01A8F2BFA003B58A4 /* pwchcore.h */; };
		803DCB5D1A8F2BFA003B58A4 /* quantile.c in Sources */ = {isa = PBXBuildFile; fileRef = 803DCAF11A8F2BFA003B58A4 /* quantile.c */; };
		803DCB5E1A8F2BFA003B58A4 /* quantile.h in Headers */ = {isa = PBXBuildFile; fileRef = 803DCAF21A8F2BFA003B58A4 /* quantile.h */; };
		803DCB5F1A8F2BFA003B58A4 /* rdivide.c in Sources */ = {isa = PBXBuildFile; fileRef = 803DCAF31A8F2BFA003B58A4 /* rdivide.c */; };
		803DCB601A8F2BFA003B58A4 /* rdivide.h in Headers */ = {isa = PBXBuildFile; fileRef = 803DCAF41A8F2BFA003B58A4 /* rdivide.h */; };
		803DCB611A8F2BFA003B58A4 /* repmat.c in Sources */ = {isa = PBXBuildFile; fileRef = 803DCAF51A8F2BFA003B58A4 /* repmat.c */; };
		803DCB621A8F2BFA003B58A4 /* repmat.h in Headers */ = {isa = PBXBuildFile; fileRef = 803DCAF61A8F2BFA003B58A4 /* repmat.h */; };
		803DCB631A8F2BFA003B58A4 /* round.c in Sources */ = {isa = PBXBuildFile; fileRef = 803DCAF71A8F2BFA003B58A4 /* round.c */; };
		803DCB641A8F2BFA003B58A4 /* round.h in Headers */ = {isa = PBXBuildFile; fileRef = 803DCAF81A8F2BFA003B58A4 /* round.h */; };
		803DCB651A8F2BFA003B58A4 /* rt_defines.h in Headers */ = {isa = PBXBuildFile; fileRef = 803DCAF91A8F2BFA003B58A4 /* rt_defines.h */; };
		803DCB661A8F2BFA003B58A4 /* rt_nonfinite.c in Sources */ = {isa = PBXBuildFile; fileRef = 803DCAFA1A8F2BFA003B58A4 /* rt_nonfinite.c */; };
		803DCB671A8F2BFA003B58A4 /* rt_nonfinite.h in Headers */ = {isa = PBXBuildFile; fileRef = 803DCAFB1A8F2BFA003B58A4 /* rt_nonfinite.h */; };
		803DCB681A8F2BFA003B58A4 /* rtGetInf.c in Sources */ = {isa = PBXBuildFile; fileRef = 803DCAFC1A8F2BFA003B58A4 /* rtGetInf.c */; };
		803DCB691A8F2BFA003B58A4 /* rtGetInf.h in Headers */ = {isa = PBXBuildFile; fileRef = 803DCAFD1A8F2BFA003B58A4 /* rtGetInf.h */; };
		803DCB6A1A8F2BFA003B58A4 /* rtGetNaN.c in Sources */ = {isa = PBXBuildFile; fileRef = 803DCAFE1A8F2BFA003B58A4 /* rtGetNaN.c */; };
		803DCB6B1A8F2BFA003B58A4 /* rtGetNaN.h in Headers */ = {isa = PBXBuildFile; fileRef = 803DCAFF1A8F2BFA003B58A4 /* rtGetNaN.h */; };
		803DCB6C1A8F2BFA003B58A4 /* rtwtypes.h in Headers */ = {isa = PBXBuildFile; fileRef = 803DCB011A8F2BFA003B58A4 /* rtwtypes.h */; };
		803DCB6D1A8F2BFA003B58A4 /* sortrows.c in Sources */ = {isa = PBXBuildFile; fileRef = 803DCB021A8F2BFA003B58A4 /* sortrows.c */; };
		803DCB6E1A8F2BFA003B58A4 /* sortrows.h in Headers */ = {isa = PBXBuildFile; fileRef = 803DCB031A8F2BFA003B58A4 /* sortrows.h */; };
		803DCB6F1A8F2BFA003B58A4 /* spline.c in Sources */ = {isa = PBXBuildFile; fileRef = 803DCB041A8F2BFA003B58A4 /* spline.c */; };
		803DCB701A8F2BFA003B58A4 /* spline.h in Headers */ = {isa = PBXBuildFile; fileRef = 803DCB051A8F2BFA003B58A4 /* spline.h */; };
		803DCB711A8F2BFA003B58A4 /* sqrt.c in Sources */ = {isa = PBXBuildFile; fileRef = 803DCB061A8F2BFA003B58A4 /* sqrt.c */; };
		803DCB721A8F2BFA003B58A4 /* sqrt.h in Headers */ = {isa = PBXBuildFile; fileRef = 803DCB071A8F2BFA003B58A4 /* sqrt.h */; };
		803DCB731A8F2BFA003B58A4 /* sum.c in Sources */ = {isa = PBXBuildFile; fileRef = 803DCB081A8F2BFA003B58A4 /* sum.c */; };
		803DCB741A8F2BFA003B58A4 /* sum.h in Headers */ = {isa = PBXBuildFile; fileRef = 803DCB091A8F2BFA003B58A4 /* sum.h */; };
		803DCB751A8F2BFA003B58A4 /* swipep.c in Sources */ = {isa = PBXBuildFile; fileRef = 803DCB0A1A8F2BFA003B58A4 /* swipep.c */; };
		803DCB761A8F2BFA003B58A4 /* swipep.h in Headers */ = {isa = PBXBuildFile; fileRef = 803DCB0B1A8F2BFA003B58A4 /* swipep.h */; };
		803DCB771A8F2BFA003B58A4 /* vadsplitphon.c in Sources */ = {isa = PBXBuildFile; fileRef = 803DCB0C1A8F2BFA003B58A4 /* vadsplitphon.c */; };
		803DCB781A8F2BFA003B58A4 /* vadsplitphon.h in Headers */ = {isa = PBXBuildFile; fileRef = 803DCB0D1A8F2BFA003B58A4 /* vadsplitphon.h */; };
		803DCB791A8F2BFA003B58A4 /* var.c in Sources */ = {isa = PBXBuildFile; fileRef = 803DCB0E1A8F2BFA003B58A4 /* var.c */; };
		803DCB7A1A8F2BFA003B58A4 /* var.h in Headers */ = {isa = PBXBuildFile; fileRef = 803DCB0F1A8F2BFA003B58A4 /* var.h */; };
		803DCB7B1A8F2BFA003B58A4 /* fastdfa_core_nomex.c in Sources */ = {isa = PBXBuildFile; fileRef = 803DCB101A8F2BFA003B58A4 /* fastdfa_core_nomex.c */; };
		803DCB7C1A8F2BFA003B58A4 /* fastdfa_core_nomex.h in Headers */ = {isa = PBXBuildFile; fileRef = 803DCB111A8F2BFA003B58A4 /* fastdfa_core_nomex.h */; };
		803DCB7D1A8F2BFA003B58A4 /* buffer.c in Sources */ = {isa = PBXBuildFile; fileRef = 803DCB131A8F2BFA003B58A4 /* buffer.c */; };
		803DCB7E1A8F2BFA003B58A4 /* buffer.h in Headers */ = {isa = PBXBuildFile; fileRef = 803DCB141A8F2BFA003B58A4 /* buffer.h */; };
		803DCB7F1A8F2BFA003B58A4 /* signalprocessing.c in Sources */ = {isa = PBXBuildFile; fileRef = 803DCB151A8F2BFA003B58A4 /* signalprocessing.c */; };
		803DCB801A8F2BFA003B58A4 /* signalprocessing.h in Headers */ = {isa = PBXBuildFile; fileRef = 803DCB161A8F2BFA003B58A4 /* signalprocessing.h */; };
/* End PBXBuildFile section */

/* Begin PBXContainerItemProxy section */
		803DCA071A8F2BA6003B58A4 /* PBXContainerItemProxy */ = {
			isa = PBXContainerItemProxy;
			containerPortal = 803DC9F21A8F2BA6003B58A4 /* Project object */;
			proxyType = 1;
			remoteGlobalIDString = 803DC9F91A8F2BA6003B58A4;
			remoteInfo = PDScoresMac;
		};
/* End PBXContainerItemProxy section */

/* Begin PBXFileReference section */
		803DC9FA1A8F2BA6003B58A4 /* libPDScoresMac.a */ = {isa = PBXFileReference; explicitFileType = archive.ar; includeInIndex = 0; path = libPDScoresMac.a; sourceTree = BUILT_PRODUCTS_DIR; };
		803DC9FD1A8F2BA6003B58A4 /* PDScoresMac.h */ = {isa = PBXFileReference; lastKnownFileType = sourcecode.c.h; path = PDScoresMac.h; sourceTree = "<group>"; };
		803DC9FF1A8F2BA6003B58A4 /* PDScoresMac.m */ = {isa = PBXFileReference; lastKnownFileType = sourcecode.c.objc; path = PDScoresMac.m; sourceTree = "<group>"; };
		803DCA051A8F2BA6003B58A4 /* PDScoresMacTests.xctest */ = {isa = PBXFileReference; explicitFileType = wrapper.cfbundle; includeInIndex = 0; path = PDScoresMacTests.xctest; sourceTree = BUILT_PRODUCTS_DIR; };
		803DCA0B1A8F2BA6003B58A4 /* Info.plist */ = {isa = PBXFileReference; lastKnownFileType = text.plist.xml; path = Info.plist; sourceTree = "<group>"; };
		803DCA161A8F2BF9003B58A4 /* abs.c */ = {isa = PBXFileReference; fileEncoding = 4; lastKnownFileType = sourcecode.c.c; path = abs.c; sourceTree = "<group>"; };
		803DCA171A8F2BF9003B58A4 /* abs.h */ = {isa = PBXFileReference; fileEncoding = 4; lastKnownFileType = sourcecode.c.h; path = abs.h; sourceTree = "<group>"; };
		803DCA181A8F2BF9003B58A4 /* atan2.c */ = {isa = PBXFileReference; fileEncoding = 4; lastKnownFileType = sourcecode.c.c; path = atan2.c; sourceTree = "<group>"; };
		803DCA191A8F2BF9003B58A4 /* atan2.h */ = {isa = PBXFileReference; fileEncoding = 4; lastKnownFileType = sourcecode.c.h; path = atan2.h; sourceTree = "<group>"; };
		803DCA1A1A8F2BF9003B58A4 /* bridge_ufb_data.c */ = {isa = PBXFileReference; fileEncoding = 4; lastKnownFileType = sourcecode.c.c; path = bridge_ufb_data.c; sourceTree = "<group>"; };
		803DCA1B1A8F2BF9003B58A4 /* bridge_ufb_data.h */ = {isa = PBXFileReference; fileEncoding = 4; lastKnownFileType = sourcecode.c.h; path = bridge_ufb_data.h; sourceTree = "<group>"; };
		803DCA1C1A8F2BF9003B58A4 /* bridge_ufb_emxAPI.c */ = {isa = PBXFileReference; fileEncoding = 4; lastKnownFileType = sourcecode.c.c; path = bridge_ufb_emxAPI.c; sourceTree = "<group>"; };
		803DCA1D1A8F2BF9003B58A4 /* bridge_ufb_emxAPI.h */ = {isa = PBXFileReference; fileEncoding = 4; lastKnownFileType = sourcecode.c.h; path = bridge_ufb_emxAPI.h; sourceTree = "<group>"; };
		803DCA1E1A8F2BF9003B58A4 /* bridge_ufb_emxutil.c */ = {isa = PBXFileReference; fileEncoding = 4; lastKnownFileType = sourcecode.c.c; path = bridge_ufb_emxutil.c; sourceTree = "<group>"; };
		803DCA1F1A8F2BF9003B58A4 /* bridge_ufb_emxutil.h */ = {isa = PBXFileReference; fileEncoding = 4; lastKnownFileType = sourcecode.c.h; path = bridge_ufb_emxutil.h; sourceTree = "<group>"; };
		803DCA201A8F2BF9003B58A4 /* bridge_ufb_initialize.c */ = {isa = PBXFileReference; fileEncoding = 4; lastKnownFileType = sourcecode.c.c; path = bridge_ufb_initialize.c; sourceTree = "<group>"; };
		803DCA211A8F2BF9003B58A4 /* bridge_ufb_initialize.h */ = {isa = PBXFileReference; fileEncoding = 4; lastKnownFileType = sourcecode.c.h; path = bridge_ufb_initialize.h; sourceTree = "<group>"; };
		803DCA241A8F2BF9003B58A4 /* bridge_ufb_rtwutil.c */ = {isa = PBXFileReference; fileEncoding = 4; lastKnownFileType = sourcecode.c.c; path = bridge_ufb_rtwutil.c; sourceTree = "<group>"; };
		803DCA251A8F2BF9003B58A4 /* bridge_ufb_rtwutil.h */ = {isa = PBXFileReference; fileEncoding = 4; lastKnownFileType = sourcecode.c.h; path = bridge_ufb_rtwutil.h; sourceTree = "<group>"; };
		803DCA261A8F2BF9003B58A4 /* bridge_ufb_terminate.c */ = {isa = PBXFileReference; fileEncoding = 4; lastKnownFileType = sourcecode.c.c; path = bridge_ufb_terminate.c; sourceTree = "<group>"; };
		803DCA271A8F2BF9003B58A4 /* bridge_ufb_terminate.h */ = {isa = PBXFileReference; fileEncoding = 4; lastKnownFileType = sourcecode.c.h; path = bridge_ufb_terminate.h; sourceTree = "<group>"; };
		803DCA281A8F2BF9003B58A4 /* bridge_ufb_types.h */ = {isa = PBXFileReference; fileEncoding = 4; lastKnownFileType = sourcecode.c.h; path = bridge_ufb_types.h; sourceTree = "<group>"; };
		803DCA2B1A8F2BF9003B58A4 /* combine_vector_elements.c */ = {isa = PBXFileReference; fileEncoding = 4; lastKnownFileType = sourcecode.c.c; path = combine_vector_elements.c; sourceTree = "<group>"; };
		803DCA2C1A8F2BF9003B58A4 /* combine_vector_elements.h */ = {isa = PBXFileReference; fileEncoding = 4; lastKnownFileType = sourcecode.c.h; path = combine_vector_elements.h; sourceTree = "<group>"; };
		803DCA2D1A8F2BF9003B58A4 /* diff.c */ = {isa = PBXFileReference; fileEncoding = 4; lastKnownFileType = sourcecode.c.c; path = diff.c; sourceTree = "<group>"; };
		803DCA2E1A8F2BF9003B58A4 /* diff.h */ = {isa = PBXFileReference; fileEncoding = 4; lastKnownFileType = sourcecode.c.h; path = diff.h; sourceTree = "<group>"; };
		803DCA2F1A8F2BF9003B58A4 /* extractaudiophon.c */ = {isa = PBXFileReference; fileEncoding = 4; lastKnownFileType = sourcecode.c.c; path = extractaudiophon.c; sourceTree = "<group>"; };
		803DCA301A8F2BF9003B58A4 /* extractaudiophon.h */ = {isa = PBXFileReference; fileEncoding = 4; lastKnownFileType = sourcecode.c.h; path = extractaudiophon.h; sourceTree = "<group>"; };
		803DCA311A8F2BF9003B58A4 /* fastdfa.c */ = {isa = PBXFileReference; fileEncoding = 4; lastKnownFileType = sourcecode.c.c; path = fastdfa.c; sourceTree = "<group>"; };
		803DCA321A8F2BF9003B58A4 /* fastdfa.h */ = {isa = PBXFileReference; fileEncoding = 4; lastKnownFileType = sourcecode.c.h; path = fastdfa.h; sourceTree = "<group>"; };
		803DCA331A8F2BF9003B58A4 /* features_bga.c */ = {isa = PBXFileReference; fileEncoding = 4; lastKnownFileType = sourcecode.c.c; path = features_bga.c; sourceTree = "<group>"; };
		803DCA341A8F2BF9003B58A4 /* features_bga.h */ = {isa = PBXFileReference; fileEncoding = 4; lastKnownFileType = sourcecode.c.h; path = features_bga.h; sourceTree = "<group>"; };
		803DCA351A8F2BF9003B58A4 /* features_bpa.c */ = {isa = PBXFileReference; fileEncoding = 4; lastKnownFileType = sourcecode.c.c; path = features_bpa.c; sourceTree = "<group>"; };
		803DCA361A8F2BF9003B58A4 /* features_bpa.h */ = {isa = PBXFileReference; fileEncoding = 4; lastKnownFileType = sourcecode.c.h; path = features_bpa.h; sourceTree = "<group>"; };
		803DCA371A8F2BF9003B58A4 /* features_bta.c */ = {isa = PBXFileReference; fileEncoding = 4; lastKnownFileType = sourcecode.c.c; path = features_bta.c; sourceTree = "<group>"; };
		803DCA381A8F2BF9003B58A4 /* features_bta.h */ = {isa = PBXFileReference; fileEncoding = 4; lastKnownFileType = sourcecode.c.h; path = features_bta.h; sourceTree = "<group>"; };
		803DCA391A8F2BF9003B58A4 /* features_bvav2.c */ = {isa = PBXFileReference; fileEncoding = 4; lastKnownFileType = sourcecode.c.c; path = features_bvav2.c; sourceTree = "<group>"; };
		803DCA3A1A8F2BF9003B58A4 /* features_bvav2.h */ = {isa = PBXFileReference; fileEncoding = 4; lastKnownFileType = sourcecode.c.h; path = features_bvav2.h; sourceTree = "<group>"; };
		803DCA3B1A8F2BF9003B58A4 /* features_ufb.c */ = {isa = PBXFileReference; fileEncoding = 4; lastKnownFileType = sourcecode.c.c; path = features_ufb.c; sourceTree = "<group>"; };
		803DCA3C1A8F2BF9003B58A4 /* features_ufb.h */ = {isa = PBXFileReference; fileEncoding = 4; lastKnownFileType = sourcecode.c.h; path = features_ufb.h; sourceTree = "<group>"; };
		803DCA3D1A8F2BF9003B58A4 /* flip.c */ = {isa = PBXFileReference; fileEncoding = 4; lastKnownFileType = sourcecode.c.c; path = flip.c; sourceTree = "<group>"; };
		803DCA3E1A8F2BF9003B58A4 /* flip.h */ = {isa = PBXFileReference; fileEncoding = 4; lastKnownFileType = sourcecode.c.h; path = flip.h; sourceTree = "<group>"; };
		803DCA3F1A8F2BF9003B58A4 /* flipud.c */ = {isa = PBXFileReference; fileEncoding = 4; lastKnownFileType = sourcecode.c.c; path = flipud.c; sourceTree = "<group>"; };
		803DCA401A8F2BF9003B58A4 /* flipud.h */ = {isa = PBXFileReference; fileEncoding = 4; lastKnownFileType = sourcecode.c.h; path = flipud.h; sourceTree = "<group>"; };
		803DCAD71A8F2BFA003B58A4 /* interp1.c */ = {isa = PBXFileReference; fileEncoding = 4; lastKnownFileType = sourcecode.c.c; path = interp1.c; sourceTree = "<group>"; };
		803DCAD81A8F2BFA003B58A4 /* interp1.h */ = {isa = PBXFileReference; fileEncoding = 4; lastKnownFileType = sourcecode.c.h; path = interp1.h; sourceTree = "<group>"; };
		803DCAD91A8F2BFA003B58A4 /* iqr.c */ = {isa = PBXFileReference; fileEncoding = 4; lastKnownFileType = sourcecode.c.c; path = iqr.c; sourceTree = "<group>"; };
		803DCADA1A8F2BFA003B58A4 /* iqr.h */ = {isa = PBXFileReference; fileEncoding = 4; lastKnownFileType = sourcecode.c.h; path = iqr.h; sourceTree = "<group>"; };
		803DCADB1A8F2BFA003B58A4 /* log10.c */ = {isa = PBXFileReference; fileEncoding = 4; lastKnownFileType = sourcecode.c.c; path = log10.c; sourceTree = "<group>"; };
		803DCADC1A8F2BFA003B58A4 /* log10.h */ = {isa = PBXFileReference; fileEncoding = 4; lastKnownFileType = sourcecode.c.h; path = log10.h; sourceTree = "<group>"; };
		803DCADD1A8F2BFA003B58A4 /* log2.c */ = {isa = PBXFileReference; fileEncoding = 4; lastKnownFileType = sourcecode.c.c; path = log2.c; sourceTree = "<group>"; };
		803DCADE1A8F2BFA003B58A4 /* log2.h */ = {isa = PBXFileReference; fileEncoding = 4; lastKnownFileType = sourcecode.c.h; path = log2.h; sourceTree = "<group>"; };
		803DCADF1A8F2BFA003B58A4 /* lomb.c */ = {isa = PBXFileReference; fileEncoding = 4; lastKnownFileType = sourcecode.c.c; path = lomb.c; sourceTree = "<group>"; };
		803DCAE01A8F2BFA003B58A4 /* lomb.h */ = {isa = PBXFileReference; fileEncoding = 4; lastKnownFileType = sourcecode.c.h; path = lomb.h; sourceTree = "<group>"; };
		803DCAE11A8F2BFA003B58A4 /* mean.c */ = {isa = PBXFileReference; fileEncoding = 4; lastKnownFileType = sourcecode.c.c; path = mean.c; sourceTree = "<group>"; };
		803DCAE21A8F2BFA003B58A4 /* mean.h */ = {isa = PBXFileReference; fileEncoding = 4; lastKnownFileType = sourcecode.c.h; path = mean.h; sourceTree = "<group>"; };
		803DCAE31A8F2BFA003B58A4 /* median.c */ = {isa = PBXFileReference; fileEncoding = 4; lastKnownFileType = sourcecode.c.c; path = median.c; sourceTree = "<group>"; };
		803DCAE41A8F2BFA003B58A4 /* median.h */ = {isa = PBXFileReference; fileEncoding = 4; lastKnownFileType = sourcecode.c.h; path = median.h; sourceTree = "<group>"; };
		803DCAE51A8F2BFA003B58A4 /* mfcc.c */ = {isa = PBXFileReference; fileEncoding = 4; lastKnownFileType = sourcecode.c.c; path = mfcc.c; sourceTree = "<group>"; };
		803DCAE61A8F2BFA003B58A4 /* mfcc.h */ = {isa = PBXFileReference; fileEncoding = 4; lastKnownFileType = sourcecode.c.h; path = mfcc.h; sourceTree = "<group>"; };
		803DCAE71A8F2BFA003B58A4 /* polyfit.c */ = {isa = PBXFileReference; fileEncoding = 4; lastKnownFileType = sourcecode.c.c; path = polyfit.c; sourceTree = "<group>"; };
		803DCAE81A8F2BFA003B58A4 /* polyfit.h */ = {isa = PBXFileReference; fileEncoding = 4; lastKnownFileType = sourcecode.c.h; path = polyfit.h; sourceTree = "<group>"; };
		803DCAE91A8F2BFA003B58A4 /* polyval.c */ = {isa = PBXFileReference; fileEncoding = 4; lastKnownFileType = sourcecode.c.c; path = polyval.c; sourceTree = "<group>"; };
		803DCAEA1A8F2BFA003B58A4 /* polyval.h */ = {isa = PBXFileReference; fileEncoding = 4; lastKnownFileType = sourcecode.c.h; path = polyval.h; sourceTree = "<group>"; };
		803DCAEB1A8F2BFA003B58A4 /* power.c */ = {isa = PBXFileReference; fileEncoding = 4; lastKnownFileType = sourcecode.c.c; path = power.c; sourceTree = "<group>"; };
		803DCAEC1A8F2BFA003B58A4 /* power.h */ = {isa = PBXFileReference; fileEncoding = 4; lastKnownFileType = sourcecode.c.h; path = power.h; sourceTree = "<group>"; };
		803DCAED1A8F2BFA003B58A4 /* primes.c */ = {isa = PBXFileReference; fileEncoding = 4; lastKnownFileType = sourcecode.c.c; path = primes.c; sourceTree = "<group>"; };
		803DCAEE1A8F2BFA003B58A4 /* primes.h */ = {isa = PBXFileReference; fileEncoding = 4; lastKnownFileType = sourcecode.c.h; path = primes.h; sourceTree = "<group>"; };
		803DCAEF1A8F2BFA003B58A4 /* pwchcore.c */ = {isa = PBXFileReference; fileEncoding = 4; lastKnownFileType = sourcecode.c.c; path = pwchcore.c; sourceTree = "<group>"; };
		803DCAF01A8F2BFA003B58A4 /* pwchcore.h */ = {isa = PBXFileReference; fileEncoding = 4; lastKnownFileType = sourcecode.c.h; path = pwchcore.h; sourceTree = "<group>"; };
		803DCAF11A8F2BFA003B58A4 /* quantile.c */ = {isa = PBXFileReference; fileEncoding = 4; lastKnownFileType = sourcecode.c.c; path = quantile.c; sourceTree = "<group>"; };
		803DCAF21A8F2BFA003B58A4 /* quantile.h */ = {isa = PBXFileReference; fileEncoding = 4; lastKnownFileType = sourcecode.c.h; path = quantile.h; sourceTree = "<group>"; };
		803DCAF31A8F2BFA003B58A4 /* rdivide.c */ = {isa = PBXFileReference; fileEncoding = 4; lastKnownFileType = sourcecode.c.c; path = rdivide.c; sourceTree = "<group>"; };
		803DCAF41A8F2BFA003B58A4 /* rdivide.h */ = {isa = PBXFileReference; fileEncoding = 4; lastKnownFileType = sourcecode.c.h; path = rdivide.h; sourceTree = "<group>"; };
		803DCAF51A8F2BFA003B58A4 /* repmat.c */ = {isa = PBXFileReference; fileEncoding = 4; lastKnownFileType = sourcecode.c.c; path = repmat.c; sourceTree = "<group>"; };
		803DCAF61A8F2BFA003B58A4 /* repmat.h */ = {isa = PBXFileReference; fileEncoding = 4; lastKnownFileType = sourcecode.c.h; path = repmat.h; sourceTree = "<group>"; };
		803DCAF71A8F2BFA003B58A4 /* round.c */ = {isa = PBXFileReference; fileEncoding = 4; lastKnownFileType = sourcecode.c.c; path = round.c; sourceTree = "<group>"; };
		803DCAF81A8F2BFA003B58A4 /* round.h */ = {isa = PBXFileReference; fileEncoding = 4; lastKnownFileType = sourcecode.c.h; path = round.h; sourceTree = "<group>"; };
		803DCAF91A8F2BFA003B58A4 /* rt_defines.h */ = {isa = PBXFileReference; fileEncoding = 4; lastKnownFileType = sourcecode.c.h; path = rt_defines.h; sourceTree = "<group>"; };
		803DCAFA1A8F2BFA003B58A4 /* rt_nonfinite.c */ = {isa = PBXFileReference; fileEncoding = 4; lastKnownFileType = sourcecode.c.c; path = rt_nonfinite.c; sourceTree = "<group>"; };
		803DCAFB1A8F2BFA003B58A4 /* rt_nonfinite.h */ = {isa = PBXFileReference; fileEncoding = 4; lastKnownFileType = sourcecode.c.h; path = rt_nonfinite.h; sourceTree = "<group>"; };
		803DCAFC1A8F2BFA003B58A4 /* rtGetInf.c */ = {isa = PBXFileReference; fileEncoding = 4; lastKnownFileType = sourcecode.c.c; path = rtGetInf.c; sourceTree = "<group>"; };
		803DCAFD1A8F2BFA003B58A4 /* rtGetInf.h */ = {isa = PBXFileReference; fileEncoding = 4; lastKnownFileType = sourcecode.c.h; path = rtGetInf.h; sourceTree = "<group>"; };
		803DCAFE1A8F2BFA003B58A4 /* rtGetNaN.c */ = {isa = PBXFileReference; fileEncoding = 4; lastKnownFileType = sourcecode.c.c; path = rtGetNaN.c; sourceTree = "<group>"; };
		803DCAFF1A8F2BFA003B58A4 /* rtGetNaN.h */ = {isa = PBXFileReference; fileEncoding = 4; lastKnownFileType = sourcecode.c.h; path = rtGetNaN.h; sourceTree = "<group>"; };
		803DCB011A8F2BFA003B58A4 /* rtwtypes.h */ = {isa = PBXFileReference; fileEncoding = 4; lastKnownFileType = sourcecode.c.h; path = rtwtypes.h; sourceTree = "<group>"; };
		803DCB021A8F2BFA003B58A4 /* sortrows.c */ = {isa = PBXFileReference; fileEncoding = 4; lastKnownFileType = sourcecode.c.c; path = sortrows.c; sourceTree = "<group>"; };
		803DCB031A8F2BFA003B58A4 /* sortrows.h */ = {isa = PBXFileReference; fileEncoding = 4; lastKnownFileType = sourcecode.c.h; path = sortrows.h; sourceTree = "<group>"; };
		803DCB041A8F2BFA003B58A4 /* spline.c */ = {isa = PBXFileReference; fileEncoding = 4; lastKnownFileType = sourcecode.c.c; path = spline.c; sourceTree = "<group>"; };
		803DCB051A8F2BFA003B58A4 /* spline.h */ = {isa = PBXFileReference; fileEncoding = 4; lastKnownFileType = sourcecode.c.h; path = spline.h; sourceTree = "<group>"; };
		803DCB061A8F2BFA003B58A4 /* sqrt.c */ = {isa = PBXFileReference; fileEncoding = 4; lastKnownFileType = sourcecode.c.c; path = sqrt.c; sourceTree = "<group>"; };
		803DCB071A8F2BFA003B58A4 /* sqrt.h */ = {isa = PBXFileReference; fileEncoding = 4; lastKnownFileType = sourcecode.c.h; path = sqrt.h; sourceTree = "<group>"; };
		803DCB081A8F2BFA003B58A4 /* sum.c */ = {isa = PBXFileReference; fileEncoding = 4; lastKnownFileType = sourcecode.c.c; path = sum.c; sourceTree = "<group>"; };
		803DCB091A8F2BFA003B58A4 /* sum.h */ = {isa = PBXFileReference; fileEncoding = 4; lastKnownFileType = sourcecode.c.h; path = sum.h; sourceTree = "<group>"; };
		803DCB0A1A8F2BFA003B58A4 /* swipep.c */ = {isa = PBXFileReference; fileEncoding = 4; lastKnownFileType = sourcecode.c.c; path = swipep.c; sourceTree = "<group>"; };
		803DCB0B1A8F2BFA003B58A4 /* swipep.h */ = {isa = PBXFileReference; fileEncoding = 4; lastKnownFileType = sourcecode.c.h; path = swipep.h; sourceTree = "<group>"; };
		803DCB0C1A8F2BFA003B58A4 /* vadsplitphon.c */ = {isa = PBXFileReference; fileEncoding = 4; lastKnownFileType = sourcecode.c.c; path = vadsplitphon.c; sourceTree = "<group>"; };
		803DCB0D1A8F2BFA003B58A4 /* vadsplitphon.h */ = {isa = PBXFileReference; fileEncoding = 4; lastKnownFileType = sourcecode.c.h; path = vadsplitphon.h; sourceTree = "<group>"; };
		803DCB0E1A8F2BFA003B58A4 /* var.c */ = {isa = PBXFileReference; fileEncoding = 4; lastKnownFileType = sourcecode.c.c; path = var.c; sourceTree = "<group>"; };
		803DCB0F1A8F2BFA003B58A4 /* var.h */ = {isa = PBXFileReference; fileEncoding = 4; lastKnownFileType = sourcecode.c.h; path = var.h; sourceTree = "<group>"; };
		803DCB101A8F2BFA003B58A4 /* fastdfa_core_nomex.c */ = {isa = PBXFileReference; fileEncoding = 4; lastKnownFileType = sourcecode.c.c; name = fastdfa_core_nomex.c; path = ../../../PDScores/PDScores/fastdfa_core_nomex.c; sourceTree = "<group>"; };
		803DCB111A8F2BFA003B58A4 /* fastdfa_core_nomex.h */ = {isa = PBXFileReference; fileEncoding = 4; lastKnownFileType = sourcecode.c.h; name = fastdfa_core_nomex.h; path = ../../../PDScores/PDScores/fastdfa_core_nomex.h; sourceTree = "<group>"; };
		803DCB131A8F2BFA003B58A4 /* buffer.c */ = {isa = PBXFileReference; fileEncoding = 4; lastKnownFileType = sourcecode.c.c; path = buffer.c; sourceTree = "<group>"; };
		803DCB141A8F2BFA003B58A4 /* buffer.h */ = {isa = PBXFileReference; fileEncoding = 4; lastKnownFileType = sourcecode.c.h; path = buffer.h; sourceTree = "<group>"; };
		803DCB151A8F2BFA003B58A4 /* signalprocessing.c */ = {isa = PBXFileReference; fileEncoding = 4; lastKnownFileType = sourcecode.c.c; path = signalprocessing.c; sourceTree = "<group>"; };
		803DCB161A8F2BFA003B58A4 /* signalprocessing.h */ = {isa = PBXFileReference; fileEncoding = 4; lastKnownFileType = sourcecode.c.h; path = signalprocessing.h; sourceTree = "<group>"; };
/* End PBXFileReference section */

/* Begin PBXFrameworksBuildPhase section */
		803DC9F71A8F2BA6003B58A4 /* Frameworks */ = {
			isa = PBXFrameworksBuildPhase;
			buildActionMask = 2147483647;
			files = (
			);
			runOnlyForDeploymentPostprocessing = 0;
		};
		803DCA021A8F2BA6003B58A4 /* Frameworks */ = {
			isa = PBXFrameworksBuildPhase;
			buildActionMask = 2147483647;
			files = (
				803DCA061A8F2BA6003B58A4 /* libPDScoresMac.a in Frameworks */,
			);
			runOnlyForDeploymentPostprocessing = 0;
		};
/* End PBXFrameworksBuildPhase section */

/* Begin PBXGroup section */
		803DC9F11A8F2BA6003B58A4 = {
			isa = PBXGroup;
			children = (
				803DC9FC1A8F2BA6003B58A4 /* PDScoresMac */,
				803DCA091A8F2BA6003B58A4 /* PDScoresMacTests */,
				803DC9FB1A8F2BA6003B58A4 /* Products */,
			);
			sourceTree = "<group>";
		};
		803DC9FB1A8F2BA6003B58A4 /* Products */ = {
			isa = PBXGroup;
			children = (
				803DC9FA1A8F2BA6003B58A4 /* libPDScoresMac.a */,
				803DCA051A8F2BA6003B58A4 /* PDScoresMacTests.xctest */,
			);
			name = Products;
			sourceTree = "<group>";
		};
		803DC9FC1A8F2BA6003B58A4 /* PDScoresMac */ = {
			isa = PBXGroup;
			children = (
				803DCA151A8F2BF9003B58A4 /* bridge_ufb */,
				803DCB101A8F2BFA003B58A4 /* fastdfa_core_nomex.c */,
				803DCB111A8F2BFA003B58A4 /* fastdfa_core_nomex.h */,
				803DCB121A8F2BFA003B58A4 /* unsupportedMatlabFunctions */,
				803DC9FD1A8F2BA6003B58A4 /* PDScoresMac.h */,
				803DC9FF1A8F2BA6003B58A4 /* PDScoresMac.m */,
			);
			path = PDScoresMac;
			sourceTree = "<group>";
		};
		803DCA091A8F2BA6003B58A4 /* PDScoresMacTests */ = {
			isa = PBXGroup;
			children = (
				803DCA0A1A8F2BA6003B58A4 /* Supporting Files */,
			);
			path = PDScoresMacTests;
			sourceTree = "<group>";
		};
		803DCA0A1A8F2BA6003B58A4 /* Supporting Files */ = {
			isa = PBXGroup;
			children = (
				803DCA0B1A8F2BA6003B58A4 /* Info.plist */,
			);
			name = "Supporting Files";
			sourceTree = "<group>";
		};
		803DCA151A8F2BF9003B58A4 /* bridge_ufb */ = {
			isa = PBXGroup;
			children = (
				803DCA161A8F2BF9003B58A4 /* abs.c */,
				803DCA171A8F2BF9003B58A4 /* abs.h */,
				803DCA181A8F2BF9003B58A4 /* atan2.c */,
				803DCA191A8F2BF9003B58A4 /* atan2.h */,
				803DCA1A1A8F2BF9003B58A4 /* bridge_ufb_data.c */,
				803DCA1B1A8F2BF9003B58A4 /* bridge_ufb_data.h */,
				803DCA1C1A8F2BF9003B58A4 /* bridge_ufb_emxAPI.c */,
				803DCA1D1A8F2BF9003B58A4 /* bridge_ufb_emxAPI.h */,
				803DCA1E1A8F2BF9003B58A4 /* bridge_ufb_emxutil.c */,
				803DCA1F1A8F2BF9003B58A4 /* bridge_ufb_emxutil.h */,
				803DCA201A8F2BF9003B58A4 /* bridge_ufb_initialize.c */,
				803DCA211A8F2BF9003B58A4 /* bridge_ufb_initialize.h */,
				803DCA241A8F2BF9003B58A4 /* bridge_ufb_rtwutil.c */,
				803DCA251A8F2BF9003B58A4 /* bridge_ufb_rtwutil.h */,
				803DCA261A8F2BF9003B58A4 /* bridge_ufb_terminate.c */,
				803DCA271A8F2BF9003B58A4 /* bridge_ufb_terminate.h */,
				803DCA281A8F2BF9003B58A4 /* bridge_ufb_types.h */,
				803DCA2B1A8F2BF9003B58A4 /* combine_vector_elements.c */,
				803DCA2C1A8F2BF9003B58A4 /* combine_vector_elements.h */,
				803DCA2D1A8F2BF9003B58A4 /* diff.c */,
				803DCA2E1A8F2BF9003B58A4 /* diff.h */,
				803DCA2F1A8F2BF9003B58A4 /* extractaudiophon.c */,
				803DCA301A8F2BF9003B58A4 /* extractaudiophon.h */,
				803DCA311A8F2BF9003B58A4 /* fastdfa.c */,
				803DCA321A8F2BF9003B58A4 /* fastdfa.h */,
				803DCA331A8F2BF9003B58A4 /* features_bga.c */,
				803DCA341A8F2BF9003B58A4 /* features_bga.h */,
				803DCA351A8F2BF9003B58A4 /* features_bpa.c */,
				803DCA361A8F2BF9003B58A4 /* features_bpa.h */,
				803DCA371A8F2BF9003B58A4 /* features_bta.c */,
				803DCA381A8F2BF9003B58A4 /* features_bta.h */,
				803DCA391A8F2BF9003B58A4 /* features_bvav2.c */,
				803DCA3A1A8F2BF9003B58A4 /* features_bvav2.h */,
				803DCA3B1A8F2BF9003B58A4 /* features_ufb.c */,
				803DCA3C1A8F2BF9003B58A4 /* features_ufb.h */,
				803DCA3D1A8F2BF9003B58A4 /* flip.c */,
				803DCA3E1A8F2BF9003B58A4 /* flip.h */,
				803DCA3F1A8F2BF9003B58A4 /* flipud.c */,
				803DCA401A8F2BF9003B58A4 /* flipud.h */,
				803DCAD71A8F2BFA003B58A4 /* interp1.c */,
				803DCAD81A8F2BFA003B58A4 /* interp1.h */,
				803DCAD91A8F2BFA003B58A4 /* iqr.c */,
				803DCADA1A8F2BFA003B58A4 /* iqr.h */,
				803DCADB1A8F2BFA003B58A4 /* log10.c */,
				803DCADC1A8F2BFA003B58A4 /* log10.h */,
				803DCADD1A8F2BFA003B58A4 /* log2.c */,
				803DCADE1A8F2BFA003B58A4 /* log2.h */,
				803DCADF1A8F2BFA003B58A4 /* lomb.c */,
				803DCAE01A8F2BFA003B58A4 /* lomb.h */,
				803DCAE11A8F2BFA003B58A4 /* mean.c */,
				803DCAE21A8F2BFA003B58A4 /* mean.h */,
				803DCAE31A8F2BFA003B58A4 /* median.c */,
				803DCAE41A8F2BFA003B58A4 /* median.h */,
				803DCAE51A8F2BFA003B58A4 /* mfcc.c */,
				803DCAE61A8F2BFA003B58A4 /* mfcc.h */,
				803DCAE71A8F2BFA003B58A4 /* polyfit.c */,
				803DCAE81A8F2BFA003B58A4 /* polyfit.h */,
				803DCAE91A8F2BFA003B58A4 /* polyval.c */,
				803DCAEA1A8F2BFA003B58A4 /* polyval.h */,
				803DCAEB1A8F2BFA003B58A4 /* power.c */,
				803DCAEC1A8F2BFA003B58A4 /* power.h */,
				803DCAED1A8F2BFA003B58A4 /* primes.c */,
				803DCAEE1A8F2BFA003B58A4 /* primes.h */,
				803DCAEF1A8F2BFA003B58A4 /* pwchcore.c */,
				803DCAF01A8F2BFA003B58A4 /* pwchcore.h */,
				803DCAF11A8F2BFA003B58A4 /* quantile.c */,
				803DCAF21A8F2BFA003B58A4 /* quantile.h */,
				803DCAF31A8F2BFA003B58A4 /* rdivide.c */,
				803DCAF41A8F2BFA003B58A4 /* rdivide.h */,
				803DCAF51A8F2BFA003B58A4 /* repmat.c */,
				803DCAF61A8F2BFA003B58A4 /* repmat.h */,
				803DCAF71A8F2BFA003B58A4 /* round.c */,
				803DCAF81A8F2BFA003B58A4 /* round.h */,
				803DCAF91A8F2BFA003B58A4 /* rt_defines.h */,
				803DCAFA1A8F2BFA003B58A4 /* rt_nonfinite.c */,
				803DCAFB1A8F2BFA003B58A4 /* rt_nonfinite.h */,
				803DCAFC1A8F2BFA003B58A4 /* rtGetInf.c */,
				803DCAFD1A8F2BFA003B58A4 /* rtGetInf.h */,
				803DCAFE1A8F2BFA003B58A4 /* rtGetNaN.c */,
				803DCAFF1A8F2BFA003B58A4 /* rtGetNaN.h */,
				803DCB011A8F2BFA003B58A4 /* rtwtypes.h */,
				803DCB021A8F2BFA003B58A4 /* sortrows.c */,
				803DCB031A8F2BFA003B58A4 /* sortrows.h */,
				803DCB041A8F2BFA003B58A4 /* spline.c */,
				803DCB051A8F2BFA003B58A4 /* spline.h */,
				803DCB061A8F2BFA003B58A4 /* sqrt.c */,
				803DCB071A8F2BFA003B58A4 /* sqrt.h */,
				803DCB081A8F2BFA003B58A4 /* sum.c */,
				803DCB091A8F2BFA003B58A4 /* sum.h */,
				803DCB0A1A8F2BFA003B58A4 /* swipep.c */,
				803DCB0B1A8F2BFA003B58A4 /* swipep.h */,
				803DCB0C1A8F2BFA003B58A4 /* vadsplitphon.c */,
				803DCB0D1A8F2BFA003B58A4 /* vadsplitphon.h */,
				803DCB0E1A8F2BFA003B58A4 /* var.c */,
				803DCB0F1A8F2BFA003B58A4 /* var.h */,
			);
			name = bridge_ufb;
			path = ../../../PDScores/PDScores/bridge_ufb;
			sourceTree = "<group>";
		};
		803DCB121A8F2BFA003B58A4 /* unsupportedMatlabFunctions */ = {
			isa = PBXGroup;
			children = (
				803DCB131A8F2BFA003B58A4 /* buffer.c */,
				803DCB141A8F2BFA003B58A4 /* buffer.h */,
				803DCB151A8F2BFA003B58A4 /* signalprocessing.c */,
				803DCB161A8F2BFA003B58A4 /* signalprocessing.h */,
			);
			name = unsupportedMatlabFunctions;
			path = ../../../PDScores/PDScores/unsupportedMatlabFunctions;
			sourceTree = "<group>";
		};
/* End PBXGroup section */

/* Begin PBXHeadersBuildPhase section */
		803DC9F81A8F2BA6003B58A4 /* Headers */ = {
			isa = PBXHeadersBuildPhase;
			buildActionMask = 2147483647;
			files = (
				803DCB7A1A8F2BFA003B58A4 /* var.h in Headers */,
				803DCB7E1A8F2BFA003B58A4 /* buffer.h in Headers */,
				803DCB5A1A8F2BFA003B58A4 /* primes.h in Headers */,
				803DCB5E1A8F2BFA003B58A4 /* quantile.h in Headers */,
				803DCB6C1A8F2BFA003B58A4 /* rtwtypes.h in Headers */,
				803DCB291A8F2BFA003B58A4 /* combine_vector_elements.h in Headers */,
				803DCB6E1A8F2BFA003B58A4 /* sortrows.h in Headers */,
				803DCB691A8F2BFA003B58A4 /* rtGetInf.h in Headers */,
				803DCB501A8F2BFA003B58A4 /* median.h in Headers */,
				803DCB521A8F2BFA003B58A4 /* mfcc.h in Headers */,
				803DCB441A8F2BFA003B58A4 /* interp1.h in Headers */,
				803DCB1A1A8F2BFA003B58A4 /* atan2.h in Headers */,
				803DCB541A8F2BFA003B58A4 /* polyfit.h in Headers */,
				803DCB1C1A8F2BFA003B58A4 /* bridge_ufb_data.h in Headers */,
				803DCB2D1A8F2BFA003B58A4 /* extractaudiophon.h in Headers */,
				803DCB621A8F2BFA003B58A4 /* repmat.h in Headers */,
				803DCB311A8F2BFA003B58A4 /* features_bga.h in Headers */,
				803DCB391A8F2BFA003B58A4 /* features_ufb.h in Headers */,
				803DCB461A8F2BFA003B58A4 /* iqr.h in Headers */,
				803DCB331A8F2BFA003B58A4 /* features_bpa.h in Headers */,
				803DCB651A8F2BFA003B58A4 /* rt_defines.h in Headers */,
				803DCB581A8F2BFA003B58A4 /* power.h in Headers */,
				803DCB761A8F2BFA003B58A4 /* swipep.h in Headers */,
				803DCB201A8F2BFA003B58A4 /* bridge_ufb_emxutil.h in Headers */,
				803DCB371A8F2BFA003B58A4 /* features_bvav2.h in Headers */,
				803DCB671A8F2BFA003B58A4 /* rt_nonfinite.h in Headers */,
				803DCB221A8F2BFA003B58A4 /* bridge_ufb_initialize.h in Headers */,
				803DCB261A8F2BFA003B58A4 /* bridge_ufb_terminate.h in Headers */,
				803DCB781A8F2BFA003B58A4 /* vadsplitphon.h in Headers */,
				803DCB3D1A8F2BFA003B58A4 /* flipud.h in Headers */,
				803DCB4A1A8F2BFA003B58A4 /* log2.h in Headers */,
				803DC9FE1A8F2BA6003B58A4 /* PDScoresMac.h in Headers */,
				803DCB5C1A8F2BFA003B58A4 /* pwchcore.h in Headers */,
				803DCB4C1A8F2BFA003B58A4 /* lomb.h in Headers */,
				803DCB601A8F2BFA003B58A4 /* rdivide.h in Headers */,
				803DCB2F1A8F2BFA003B58A4 /* fastdfa.h in Headers */,
				803DCB7C1A8F2BFA003B58A4 /* fastdfa_core_nomex.h in Headers */,
				803DCB641A8F2BFA003B58A4 /* round.h in Headers */,
				803DCB801A8F2BFA003B58A4 /* signalprocessing.h in Headers */,
				803DCB741A8F2BFA003B58A4 /* sum.h in Headers */,
				803DCB561A8F2BFA003B58A4 /* polyval.h in Headers */,
				803DCB241A8F2BFA003B58A4 /* bridge_ufb_rtwutil.h in Headers */,
				803DCB4E1A8F2BFA003B58A4 /* mean.h in Headers */,
				803DCB721A8F2BFA003B58A4 /* sqrt.h in Headers */,
				803DCB271A8F2BFA003B58A4 /* bridge_ufb_types.h in Headers */,
				803DCB701A8F2BFA003B58A4 /* spline.h in Headers */,
				803DCB3B1A8F2BFA003B58A4 /* flip.h in Headers */,
				803DCB351A8F2BFA003B58A4 /* features_bta.h in Headers */,
				803DCB6B1A8F2BFA003B58A4 /* rtGetNaN.h in Headers */,
				803DCB481A8F2BFA003B58A4 /* log10.h in Headers */,
				803DCB2B1A8F2BFA003B58A4 /* diff.h in Headers */,
				803DCB1E1A8F2BFA003B58A4 /* bridge_ufb_emxAPI.h in Headers */,
				803DCB181A8F2BFA003B58A4 /* abs.h in Headers */,
			);
			runOnlyForDeploymentPostprocessing = 0;
		};
/* End PBXHeadersBuildPhase section */

/* Begin PBXNativeTarget section */
		803DC9F91A8F2BA6003B58A4 /* PDScoresMac */ = {
			isa = PBXNativeTarget;
			buildConfigurationList = 803DCA0E1A8F2BA6003B58A4 /* Build configuration list for PBXNativeTarget "PDScoresMac" */;
			buildPhases = (
				803DC9F61A8F2BA6003B58A4 /* Sources */,
				803DC9F71A8F2BA6003B58A4 /* Frameworks */,
				803DC9F81A8F2BA6003B58A4 /* Headers */,
			);
			buildRules = (
			);
			dependencies = (
			);
			name = PDScoresMac;
			productName = PDScoresMac;
			productReference = 803DC9FA1A8F2BA6003B58A4 /* libPDScoresMac.a */;
			productType = "com.apple.product-type.library.static";
		};
		803DCA041A8F2BA6003B58A4 /* PDScoresMacTests */ = {
			isa = PBXNativeTarget;
			buildConfigurationList = 803DCA111A8F2BA6003B58A4 /* Build configuration list for PBXNativeTarget "PDScoresMacTests" */;
			buildPhases = (
				803DCA011A8F2BA6003B58A4 /* Sources */,
				803DCA021A8F2BA6003B58A4 /* Frameworks */,
				803DCA031A8F2BA6003B58A4 /* Resources */,
			);
			buildRules = (
			);
			dependencies = (
				803DCA081A8F2BA6003B58A4 /* PBXTargetDependency */,
			);
			name = PDScoresMacTests;
			productName = PDScoresMacTests;
			productReference = 803DCA051A8F2BA6003B58A4 /* PDScoresMacTests.xctest */;
			productType = "com.apple.product-type.bundle.unit-test";
		};
/* End PBXNativeTarget section */

/* Begin PBXProject section */
		803DC9F21A8F2BA6003B58A4 /* Project object */ = {
			isa = PBXProject;
			attributes = {
				LastUpgradeCheck = 0610;
				ORGANIZATIONNAME = "Sage Bionetworks";
				TargetAttributes = {
					803DC9F91A8F2BA6003B58A4 = {
						CreatedOnToolsVersion = 6.1.1;
					};
					803DCA041A8F2BA6003B58A4 = {
						CreatedOnToolsVersion = 6.1.1;
					};
				};
			};
			buildConfigurationList = 803DC9F51A8F2BA6003B58A4 /* Build configuration list for PBXProject "PDScoresMac" */;
			compatibilityVersion = "Xcode 3.2";
			developmentRegion = English;
			hasScannedForEncodings = 0;
			knownRegions = (
				en,
			);
			mainGroup = 803DC9F11A8F2BA6003B58A4;
			productRefGroup = 803DC9FB1A8F2BA6003B58A4 /* Products */;
			projectDirPath = "";
			projectRoot = "";
			targets = (
				803DC9F91A8F2BA6003B58A4 /* PDScoresMac */,
				803DCA041A8F2BA6003B58A4 /* PDScoresMacTests */,
			);
		};
/* End PBXProject section */

/* Begin PBXResourcesBuildPhase section */
		803DCA031A8F2BA6003B58A4 /* Resources */ = {
			isa = PBXResourcesBuildPhase;
			buildActionMask = 2147483647;
			files = (
			);
			runOnlyForDeploymentPostprocessing = 0;
		};
/* End PBXResourcesBuildPhase section */

/* Begin PBXSourcesBuildPhase section */
		803DC9F61A8F2BA6003B58A4 /* Sources */ = {
			isa = PBXSourcesBuildPhase;
			buildActionMask = 2147483647;
			files = (
				803DCB381A8F2BFA003B58A4 /* features_ufb.c in Sources */,
				803DCB531A8F2BFA003B58A4 /* polyfit.c in Sources */,
				803DCB4B1A8F2BFA003B58A4 /* lomb.c in Sources */,
				803DCB471A8F2BFA003B58A4 /* log10.c in Sources */,
				803DCB251A8F2BFA003B58A4 /* bridge_ufb_terminate.c in Sources */,
				803DCB231A8F2BFA003B58A4 /* bridge_ufb_rtwutil.c in Sources */,
				803DCB1B1A8F2BFA003B58A4 /* bridge_ufb_data.c in Sources */,
				803DCB5F1A8F2BFA003B58A4 /* rdivide.c in Sources */,
				803DCB6F1A8F2BFA003B58A4 /* spline.c in Sources */,
				803DCB1F1A8F2BFA003B58A4 /* bridge_ufb_emxutil.c in Sources */,
				803DCB4F1A8F2BFA003B58A4 /* median.c in Sources */,
				803DCB431A8F2BFA003B58A4 /* interp1.c in Sources */,
				803DCB5B1A8F2BFA003B58A4 /* pwchcore.c in Sources */,
				803DCB341A8F2BFA003B58A4 /* features_bta.c in Sources */,
				803DCB611A8F2BFA003B58A4 /* repmat.c in Sources */,
				803DCB591A8F2BFA003B58A4 /* primes.c in Sources */,
				803DCB191A8F2BFA003B58A4 /* atan2.c in Sources */,
				803DCB3A1A8F2BFA003B58A4 /* flip.c in Sources */,
				803DCB731A8F2BFA003B58A4 /* sum.c in Sources */,
				803DCB7D1A8F2BFA003B58A4 /* buffer.c in Sources */,
				803DCB2C1A8F2BFA003B58A4 /* extractaudiophon.c in Sources */,
				803DCB571A8F2BFA003B58A4 /* power.c in Sources */,
				803DCB2E1A8F2BFA003B58A4 /* fastdfa.c in Sources */,
				803DCB6D1A8F2BFA003B58A4 /* sortrows.c in Sources */,
				803DCB681A8F2BFA003B58A4 /* rtGetInf.c in Sources */,
				803DCB5D1A8F2BFA003B58A4 /* quantile.c in Sources */,
				803DCB771A8F2BFA003B58A4 /* vadsplitphon.c in Sources */,
				803DCB4D1A8F2BFA003B58A4 /* mean.c in Sources */,
				803DCB631A8F2BFA003B58A4 /* round.c in Sources */,
				803DCB491A8F2BFA003B58A4 /* log2.c in Sources */,
				803DCB511A8F2BFA003B58A4 /* mfcc.c in Sources */,
				803DCB2A1A8F2BFA003B58A4 /* diff.c in Sources */,
				803DCB7B1A8F2BFA003B58A4 /* fastdfa_core_nomex.c in Sources */,
				803DCB751A8F2BFA003B58A4 /* swipep.c in Sources */,
				803DCB281A8F2BFA003B58A4 /* combine_vector_elements.c in Sources */,
				803DCB711A8F2BFA003B58A4 /* sqrt.c in Sources */,
				803DCB321A8F2BFA003B58A4 /* features_bpa.c in Sources */,
				803DCB171A8F2BFA003B58A4 /* abs.c in Sources */,
				803DCB451A8F2BFA003B58A4 /* iqr.c in Sources */,
				803DCB7F1A8F2BFA003B58A4 /* signalprocessing.c in Sources */,
				803DCB661A8F2BFA003B58A4 /* rt_nonfinite.c in Sources */,
				803DCB1D1A8F2BFA003B58A4 /* bridge_ufb_emxAPI.c in Sources */,
				803DCB301A8F2BFA003B58A4 /* features_bga.c in Sources */,
				803DCB791A8F2BFA003B58A4 /* var.c in Sources */,
				803DCA001A8F2BA6003B58A4 /* PDScoresMac.m in Sources */,
				803DCB6A1A8F2BFA003B58A4 /* rtGetNaN.c in Sources */,
				803DCB3C1A8F2BFA003B58A4 /* flipud.c in Sources */,
				803DCB361A8F2BFA003B58A4 /* features_bvav2.c in Sources */,
				803DCB211A8F2BFA003B58A4 /* bridge_ufb_initialize.c in Sources */,
				803DCB551A8F2BFA003B58A4 /* polyval.c in Sources */,
			);
			runOnlyForDeploymentPostprocessing = 0;
		};
		803DCA011A8F2BA6003B58A4 /* Sources */ = {
			isa = PBXSourcesBuildPhase;
			buildActionMask = 2147483647;
			files = (
			);
			runOnlyForDeploymentPostprocessing = 0;
		};
/* End PBXSourcesBuildPhase section */

/* Begin PBXTargetDependency section */
		803DCA081A8F2BA6003B58A4 /* PBXTargetDependency */ = {
			isa = PBXTargetDependency;
			target = 803DC9F91A8F2BA6003B58A4 /* PDScoresMac */;
			targetProxy = 803DCA071A8F2BA6003B58A4 /* PBXContainerItemProxy */;
		};
/* End PBXTargetDependency section */

/* Begin XCBuildConfiguration section */
		803DCA0C1A8F2BA6003B58A4 /* Debug */ = {
			isa = XCBuildConfiguration;
			buildSettings = {
				ALWAYS_SEARCH_USER_PATHS = NO;
				CLANG_CXX_LANGUAGE_STANDARD = "gnu++0x";
				CLANG_CXX_LIBRARY = "libc++";
				CLANG_ENABLE_MODULES = YES;
				CLANG_ENABLE_OBJC_ARC = YES;
				CLANG_WARN_BOOL_CONVERSION = YES;
				CLANG_WARN_CONSTANT_CONVERSION = YES;
				CLANG_WARN_DIRECT_OBJC_ISA_USAGE = YES_ERROR;
				CLANG_WARN_EMPTY_BODY = YES;
				CLANG_WARN_ENUM_CONVERSION = YES;
				CLANG_WARN_INT_CONVERSION = YES;
				CLANG_WARN_OBJC_ROOT_CLASS = YES_ERROR;
				CLANG_WARN_UNREACHABLE_CODE = YES;
				CLANG_WARN__DUPLICATE_METHOD_MATCH = YES;
				COPY_PHASE_STRIP = NO;
				ENABLE_STRICT_OBJC_MSGSEND = YES;
				GCC_C_LANGUAGE_STANDARD = gnu99;
				GCC_DYNAMIC_NO_PIC = NO;
				GCC_OPTIMIZATION_LEVEL = 0;
				GCC_PREPROCESSOR_DEFINITIONS = (
					"DEBUG=1",
					"$(inherited)",
				);
				GCC_SYMBOLS_PRIVATE_EXTERN = NO;
				GCC_WARN_64_TO_32_BIT_CONVERSION = YES;
				GCC_WARN_ABOUT_RETURN_TYPE = YES_ERROR;
				GCC_WARN_UNDECLARED_SELECTOR = YES;
				GCC_WARN_UNINITIALIZED_AUTOS = YES_AGGRESSIVE;
				GCC_WARN_UNUSED_FUNCTION = YES;
				GCC_WARN_UNUSED_VARIABLE = YES;
				MACOSX_DEPLOYMENT_TARGET = 10.10;
				MTL_ENABLE_DEBUG_INFO = YES;
				ONLY_ACTIVE_ARCH = YES;
				SDKROOT = macosx;
			};
			name = Debug;
		};
		803DCA0D1A8F2BA6003B58A4 /* Release */ = {
			isa = XCBuildConfiguration;
			buildSettings = {
				ALWAYS_SEARCH_USER_PATHS = NO;
				CLANG_CXX_LANGUAGE_STANDARD = "gnu++0x";
				CLANG_CXX_LIBRARY = "libc++";
				CLANG_ENABLE_MODULES = YES;
				CLANG_ENABLE_OBJC_ARC = YES;
				CLANG_WARN_BOOL_CONVERSION = YES;
				CLANG_WARN_CONSTANT_CONVERSION = YES;
				CLANG_WARN_DIRECT_OBJC_ISA_USAGE = YES_ERROR;
				CLANG_WARN_EMPTY_BODY = YES;
				CLANG_WARN_ENUM_CONVERSION = YES;
				CLANG_WARN_INT_CONVERSION = YES;
				CLANG_WARN_OBJC_ROOT_CLASS = YES_ERROR;
				CLANG_WARN_UNREACHABLE_CODE = YES;
				CLANG_WARN__DUPLICATE_METHOD_MATCH = YES;
				COPY_PHASE_STRIP = YES;
				DEBUG_INFORMATION_FORMAT = "dwarf-with-dsym";
				ENABLE_NS_ASSERTIONS = NO;
				ENABLE_STRICT_OBJC_MSGSEND = YES;
				GCC_C_LANGUAGE_STANDARD = gnu99;
				GCC_WARN_64_TO_32_BIT_CONVERSION = YES;
				GCC_WARN_ABOUT_RETURN_TYPE = YES_ERROR;
				GCC_WARN_UNDECLARED_SELECTOR = YES;
				GCC_WARN_UNINITIALIZED_AUTOS = YES_AGGRESSIVE;
				GCC_WARN_UNUSED_FUNCTION = YES;
				GCC_WARN_UNUSED_VARIABLE = YES;
				MACOSX_DEPLOYMENT_TARGET = 10.10;
				MTL_ENABLE_DEBUG_INFO = NO;
				SDKROOT = macosx;
			};
			name = Release;
		};
		803DCA0F1A8F2BA6003B58A4 /* Debug */ = {
			isa = XCBuildConfiguration;
			buildSettings = {
				EXECUTABLE_PREFIX = lib;
				PRODUCT_NAME = "$(TARGET_NAME)";
			};
			name = Debug;
		};
		803DCA101A8F2BA6003B58A4 /* Release */ = {
			isa = XCBuildConfiguration;
			buildSettings = {
				EXECUTABLE_PREFIX = lib;
				PRODUCT_NAME = "$(TARGET_NAME)";
			};
			name = Release;
		};
		803DCA121A8F2BA6003B58A4 /* Debug */ = {
			isa = XCBuildConfiguration;
			buildSettings = {
				COMBINE_HIDPI_IMAGES = YES;
				FRAMEWORK_SEARCH_PATHS = (
					"$(DEVELOPER_FRAMEWORKS_DIR)",
					"$(inherited)",
				);
				GCC_PREPROCESSOR_DEFINITIONS = (
					"DEBUG=1",
					"$(inherited)",
				);
				INFOPLIST_FILE = PDScoresMacTests/Info.plist;
				LD_RUNPATH_SEARCH_PATHS = "$(inherited) @executable_path/../Frameworks @loader_path/../Frameworks";
				PRODUCT_NAME = "$(TARGET_NAME)";
			};
			name = Debug;
		};
		803DCA131A8F2BA6003B58A4 /* Release */ = {
			isa = XCBuildConfiguration;
			buildSettings = {
				COMBINE_HIDPI_IMAGES = YES;
				FRAMEWORK_SEARCH_PATHS = (
					"$(DEVELOPER_FRAMEWORKS_DIR)",
					"$(inherited)",
				);
				INFOPLIST_FILE = PDScoresMacTests/Info.plist;
				LD_RUNPATH_SEARCH_PATHS = "$(inherited) @executable_path/../Frameworks @loader_path/../Frameworks";
				PRODUCT_NAME = "$(TARGET_NAME)";
			};
			name = Release;
		};
/* End XCBuildConfiguration section */

/* Begin XCConfigurationList section */
		803DC9F51A8F2BA6003B58A4 /* Build configuration list for PBXProject "PDScoresMac" */ = {
			isa = XCConfigurationList;
			buildConfigurations = (
				803DCA0C1A8F2BA6003B58A4 /* Debug */,
				803DCA0D1A8F2BA6003B58A4 /* Release */,
			);
			defaultConfigurationIsVisible = 0;
			defaultConfigurationName = Release;
		};
		803DCA0E1A8F2BA6003B58A4 /* Build configuration list for PBXNativeTarget "PDScoresMac" */ = {
			isa = XCConfigurationList;
			buildConfigurations = (
				803DCA0F1A8F2BA6003B58A4 /* Debug */,
				803DCA101A8F2BA6003B58A4 /* Release */,
			);
			defaultConfigurationIsVisible = 0;
		};
		803DCA111A8F2BA6003B58A4 /* Build configuration list for PBXNativeTarget "PDScoresMacTests" */ = {
			isa = XCConfigurationList;
			buildConfigurations = (
				803DCA121A8F2BA6003B58A4 /* Debug */,
				803DCA131A8F2BA6003B58A4 /* Release */,
			);
			defaultConfigurationIsVisible = 0;
		};
/* End XCConfigurationList section */
	};
	rootObject = 803DC9F21A8F2BA6003B58A4 /* Project object */;
}
